// !$*UTF8*$!
{
	archiveVersion = 1;
	classes = {
	};
	objectVersion = 55;
	objects = {

/* Begin PBXBuildFile section */
		3C4A65D98623622857737E24 /* Pods_BigDeal.framework in Frameworks */ = {isa = PBXBuildFile; fileRef = 38421BDD19C63B2817A3AAFF /* Pods_BigDeal.framework */; };
		7A7CC80AB1D8F00FA3186AE5 /* Pods_BigDealTests.framework in Frameworks */ = {isa = PBXBuildFile; fileRef = BC4CDA2571769D2695310218 /* Pods_BigDealTests.framework */; };
		A20022FF27F6FBFA002D04AE /* FeedMainView.swift in Sources */ = {isa = PBXBuildFile; fileRef = A20022FE27F6FBFA002D04AE /* FeedMainView.swift */; };
		A200230527F6FCB2002D04AE /* FeedMainPresenter.swift in Sources */ = {isa = PBXBuildFile; fileRef = A200230427F6FCB2002D04AE /* FeedMainPresenter.swift */; };
		A200230827F6FCE7002D04AE /* FeedMainPresenterInputProtocol.swift in Sources */ = {isa = PBXBuildFile; fileRef = A200230727F6FCE7002D04AE /* FeedMainPresenterInputProtocol.swift */; };
		A200230A27F6FD2C002D04AE /* FeedMainPresenterOutputProtocol.swift in Sources */ = {isa = PBXBuildFile; fileRef = A200230927F6FD2C002D04AE /* FeedMainPresenterOutputProtocol.swift */; };
		A200231027F6FF86002D04AE /* FeedMainModuleBuilder.swift in Sources */ = {isa = PBXBuildFile; fileRef = A200230F27F6FF86002D04AE /* FeedMainModuleBuilder.swift */; };
		A2113AFF27CE745F00EBA9A9 /* AppDelegate.swift in Sources */ = {isa = PBXBuildFile; fileRef = A2113AFE27CE745F00EBA9A9 /* AppDelegate.swift */; };
		A2113B0127CE745F00EBA9A9 /* SceneDelegate.swift in Sources */ = {isa = PBXBuildFile; fileRef = A2113B0027CE745F00EBA9A9 /* SceneDelegate.swift */; };
		A2113B0627CE745F00EBA9A9 /* Main.storyboard in Resources */ = {isa = PBXBuildFile; fileRef = A2113B0427CE745F00EBA9A9 /* Main.storyboard */; };
		A2113B0927CE745F00EBA9A9 /* BigDeal.xcdatamodeld in Sources */ = {isa = PBXBuildFile; fileRef = A2113B0727CE745F00EBA9A9 /* BigDeal.xcdatamodeld */; };
		A2113B0B27CE746000EBA9A9 /* Assets.xcassets in Resources */ = {isa = PBXBuildFile; fileRef = A2113B0A27CE746000EBA9A9 /* Assets.xcassets */; };
		A2113B0E27CE746000EBA9A9 /* LaunchScreen.storyboard in Resources */ = {isa = PBXBuildFile; fileRef = A2113B0C27CE746000EBA9A9 /* LaunchScreen.storyboard */; };
		A2113B1927CE746000EBA9A9 /* BigDealTests.swift in Sources */ = {isa = PBXBuildFile; fileRef = A2113B1827CE746000EBA9A9 /* BigDealTests.swift */; };
		A2113B2327CE746000EBA9A9 /* BigDealUITests.swift in Sources */ = {isa = PBXBuildFile; fileRef = A2113B2227CE746000EBA9A9 /* BigDealUITests.swift */; };
		A2113B2527CE746000EBA9A9 /* BigDealUITestsLaunchTests.swift in Sources */ = {isa = PBXBuildFile; fileRef = A2113B2427CE746000EBA9A9 /* BigDealUITestsLaunchTests.swift */; };
		A23E572927F78AB60069F74E /* ProductLocalDataSource.swift in Sources */ = {isa = PBXBuildFile; fileRef = A23E572827F78AB60069F74E /* ProductLocalDataSource.swift */; };
		A23E572C27F78ACF0069F74E /* ProductRemoteDataSourceProtocol.swift in Sources */ = {isa = PBXBuildFile; fileRef = A23E572B27F78ACF0069F74E /* ProductRemoteDataSourceProtocol.swift */; };
		A26256B927FF2750007FA967 /* AuthenticationGreetingViewPresenter.swift in Sources */ = {isa = PBXBuildFile; fileRef = A26256A227FF2750007FA967 /* AuthenticationGreetingViewPresenter.swift */; };
		A26256BA27FF2750007FA967 /* AuthenticationGreetingView.swift in Sources */ = {isa = PBXBuildFile; fileRef = A26256A427FF2750007FA967 /* AuthenticationGreetingView.swift */; };
		A26256BB27FF2750007FA967 /* AuthenticationGreetingViewController.swift in Sources */ = {isa = PBXBuildFile; fileRef = A26256A527FF2750007FA967 /* AuthenticationGreetingViewController.swift */; };
		A26256BC27FF2750007FA967 /* AuthenticationGreetingBuilder.swift in Sources */ = {isa = PBXBuildFile; fileRef = A26256A727FF2750007FA967 /* AuthenticationGreetingBuilder.swift */; };
		A26256BD27FF2750007FA967 /* AuthenticationRegisterViewPresenter.swift in Sources */ = {isa = PBXBuildFile; fileRef = A26256AA27FF2750007FA967 /* AuthenticationRegisterViewPresenter.swift */; };
		A26256BE27FF2750007FA967 /* AuthenticationRegisterView.swift in Sources */ = {isa = PBXBuildFile; fileRef = A26256AC27FF2750007FA967 /* AuthenticationRegisterView.swift */; };
		A26256BF27FF2750007FA967 /* AuthenticationRegisterViewController.swift in Sources */ = {isa = PBXBuildFile; fileRef = A26256AD27FF2750007FA967 /* AuthenticationRegisterViewController.swift */; };
		A26256C027FF2750007FA967 /* AuthenticationRegisterBuilder.swift in Sources */ = {isa = PBXBuildFile; fileRef = A26256AF27FF2750007FA967 /* AuthenticationRegisterBuilder.swift */; };
		A26256C127FF2750007FA967 /* BuilderPrototcol.swift in Sources */ = {isa = PBXBuildFile; fileRef = A26256B027FF2750007FA967 /* BuilderPrototcol.swift */; };
		A26256C227FF2750007FA967 /* AuthenticationLoginViewPresenter.swift in Sources */ = {isa = PBXBuildFile; fileRef = A26256B327FF2750007FA967 /* AuthenticationLoginViewPresenter.swift */; };
		A26256C327FF2750007FA967 /* AuthenticationLoginScreenViewController.swift in Sources */ = {isa = PBXBuildFile; fileRef = A26256B527FF2750007FA967 /* AuthenticationLoginScreenViewController.swift */; };
		A26256C427FF2750007FA967 /* AuthenticationLoginView.swift in Sources */ = {isa = PBXBuildFile; fileRef = A26256B627FF2750007FA967 /* AuthenticationLoginView.swift */; };
		A26256C527FF2750007FA967 /* AuthenticationLoginBuilder.swift in Sources */ = {isa = PBXBuildFile; fileRef = A26256B827FF2750007FA967 /* AuthenticationLoginBuilder.swift */; };
		A26256CC27FF282D007FA967 /* MockCoordinator.swift in Sources */ = {isa = PBXBuildFile; fileRef = A26256C927FF282D007FA967 /* MockCoordinator.swift */; };
		A26256CD27FF282D007FA967 /* MockAuthRegisterView.swift in Sources */ = {isa = PBXBuildFile; fileRef = A26256CA27FF282D007FA967 /* MockAuthRegisterView.swift */; };
		A26256CE27FF282D007FA967 /* AuthRegisterPresenterTest.swift in Sources */ = {isa = PBXBuildFile; fileRef = A26256CB27FF282D007FA967 /* AuthRegisterPresenterTest.swift */; };
		A27EBC3727F0D87800532EDE /* ProfileSettingsViewController.swift in Sources */ = {isa = PBXBuildFile; fileRef = A27EBC3627F0D87800532EDE /* ProfileSettingsViewController.swift */; };
		A27EBC3927F0D88D00532EDE /* ProfileSubscriptionsViewController.swift in Sources */ = {isa = PBXBuildFile; fileRef = A27EBC3827F0D88D00532EDE /* ProfileSubscriptionsViewController.swift */; };
		A27EBC4827F0D98500532EDE /* DetailItemViewController.swift in Sources */ = {isa = PBXBuildFile; fileRef = A27EBC4727F0D98500532EDE /* DetailItemViewController.swift */; };
		A27EBC4A27F0D9AA00532EDE /* SearchMainScreenViewController.swift in Sources */ = {isa = PBXBuildFile; fileRef = A27EBC4927F0D9AA00532EDE /* SearchMainScreenViewController.swift */; };
		A27EBC4C27F0D9C600532EDE /* SearchFilterScreenViewController.swift in Sources */ = {isa = PBXBuildFile; fileRef = A27EBC4B27F0D9C600532EDE /* SearchFilterScreenViewController.swift */; };
		A27EBC4E27F0D9E900532EDE /* FeedMainViewController.swift in Sources */ = {isa = PBXBuildFile; fileRef = A27EBC4D27F0D9E900532EDE /* FeedMainViewController.swift */; };
		A297430227FECEB8009E5E7D /* DataManager.swift in Sources */ = {isa = PBXBuildFile; fileRef = A297430127FECEB8009E5E7D /* DataManager.swift */; };
		A297430527FECF6A009E5E7D /* Item.swift in Sources */ = {isa = PBXBuildFile; fileRef = A297430427FECF6A009E5E7D /* Item.swift */; };
		A297430727FED162009E5E7D /* CustomHeaderCollectionReusableView.swift in Sources */ = {isa = PBXBuildFile; fileRef = A297430627FED162009E5E7D /* CustomHeaderCollectionReusableView.swift */; };
		A297430927FED25E009E5E7D /* CustomItemCollectionViewCell.swift in Sources */ = {isa = PBXBuildFile; fileRef = A297430827FED25E009E5E7D /* CustomItemCollectionViewCell.swift */; };
		A2A3F51527FE0D0E003417D6 /* CheckBoxController.swift in Sources */ = {isa = PBXBuildFile; fileRef = A2A3F51427FE0D0E003417D6 /* CheckBoxController.swift */; };
		A2A3F51727FE126D003417D6 /* CustomCheckBoxTableViewCell.swift in Sources */ = {isa = PBXBuildFile; fileRef = A2A3F51627FE126D003417D6 /* CustomCheckBoxTableViewCell.swift */; };
		A2A3F51C27FE287A003417D6 /* ProfileSubscriptionsModuleBuilder.swift in Sources */ = {isa = PBXBuildFile; fileRef = A2A3F51B27FE287A003417D6 /* ProfileSubscriptionsModuleBuilder.swift */; };
		A2A3F51F27FE2CDC003417D6 /* ProfileSettingsView.swift in Sources */ = {isa = PBXBuildFile; fileRef = A2A3F51E27FE2CDB003417D6 /* ProfileSettingsView.swift */; };
		A2A3F52327FE2D23003417D6 /* ProfileSettingsPresenterInputProtocol.swift in Sources */ = {isa = PBXBuildFile; fileRef = A2A3F52227FE2D23003417D6 /* ProfileSettingsPresenterInputProtocol.swift */; };
		A2A3F52527FE2D60003417D6 /* ProfileSettingsPresenterOutputProtocol.swift in Sources */ = {isa = PBXBuildFile; fileRef = A2A3F52427FE2D60003417D6 /* ProfileSettingsPresenterOutputProtocol.swift */; };
		A2A3F52727FE2D7D003417D6 /* ProfileSettingsPresenter.swift in Sources */ = {isa = PBXBuildFile; fileRef = A2A3F52627FE2D7D003417D6 /* ProfileSettingsPresenter.swift */; };
		A2A3F52927FE2DAD003417D6 /* ProfileSettingsModuleBuilder.swift in Sources */ = {isa = PBXBuildFile; fileRef = A2A3F52827FE2DAD003417D6 /* ProfileSettingsModuleBuilder.swift */; };
		A2A3F52F27FE3356003417D6 /* RadioButtonController.swift in Sources */ = {isa = PBXBuildFile; fileRef = A2A3F52E27FE3356003417D6 /* RadioButtonController.swift */; };
		A2A3F53527FE3975003417D6 /* CustomRadioButtonTableViewCell.swift in Sources */ = {isa = PBXBuildFile; fileRef = A2A3F53427FE3975003417D6 /* CustomRadioButtonTableViewCell.swift */; };
		A2A3F53727FE3987003417D6 /* CustomTextFieldTableViewCell.swift in Sources */ = {isa = PBXBuildFile; fileRef = A2A3F53627FE3987003417D6 /* CustomTextFieldTableViewCell.swift */; };
		A2B6815C27FF555D00518A90 /* ProfileSettingsUnitTests.swift in Sources */ = {isa = PBXBuildFile; fileRef = A2B6815B27FF555D00518A90 /* ProfileSettingsUnitTests.swift */; };
		A2B6816027FF57D100518A90 /* ValidationService.swift in Sources */ = {isa = PBXBuildFile; fileRef = A2B6815F27FF57D100518A90 /* ValidationService.swift */; };
		A2B6816527FF58AE00518A90 /* ProfileSettingsPresenterInputMock.swift in Sources */ = {isa = PBXBuildFile; fileRef = A2B6816427FF58AE00518A90 /* ProfileSettingsPresenterInputMock.swift */; };
		A2B6816827FF5DDA00518A90 /* ValidationServiceProtocol.swift in Sources */ = {isa = PBXBuildFile; fileRef = A2B6816727FF5DDA00518A90 /* ValidationServiceProtocol.swift */; };
		A2B6816A27FF602D00518A90 /* ProfileIntegrationTests.swift in Sources */ = {isa = PBXBuildFile; fileRef = A2B6816927FF602D00518A90 /* ProfileIntegrationTests.swift */; };
		A2CF987127DA292F001A6C39 /* ProfileMainPresenter.swift in Sources */ = {isa = PBXBuildFile; fileRef = A2CF987027DA292F001A6C39 /* ProfileMainPresenter.swift */; };
		A2CF987427DA297B001A6C39 /* ProfileMainScreenViewInputProtocol.swift in Sources */ = {isa = PBXBuildFile; fileRef = A2CF987327DA297B001A6C39 /* ProfileMainScreenViewInputProtocol.swift */; };
		A2CF987627DA299F001A6C39 /* ProfileMainScreenViewOutputProtocol.swift in Sources */ = {isa = PBXBuildFile; fileRef = A2CF987527DA299F001A6C39 /* ProfileMainScreenViewOutputProtocol.swift */; };
		A2CF987827DA29C0001A6C39 /* ProfileMainView.swift in Sources */ = {isa = PBXBuildFile; fileRef = A2CF987727DA29C0001A6C39 /* ProfileMainView.swift */; };
		A2CF987A27DA29CC001A6C39 /* ProfileMainViewController.swift in Sources */ = {isa = PBXBuildFile; fileRef = A2CF987927DA29CC001A6C39 /* ProfileMainViewController.swift */; };
		A2CF988727DA2CDF001A6C39 /* ProfileMainModuleBuilder.swift in Sources */ = {isa = PBXBuildFile; fileRef = A2CF988627DA2CDF001A6C39 /* ProfileMainModuleBuilder.swift */; };
		A2EFD5C927F0B370001E4071 /* Enums.swift in Sources */ = {isa = PBXBuildFile; fileRef = A2EFD5C827F0B370001E4071 /* Enums.swift */; };
		A2EFD5CB27F0BD0C001E4071 /* ProfileBaseCoordinatedProtocol.swift in Sources */ = {isa = PBXBuildFile; fileRef = A2EFD5CA27F0BD0C001E4071 /* ProfileBaseCoordinatedProtocol.swift */; };
		A2EFD5CD27F0D3E6001E4071 /* AuthenticationBaseCoordinatedProtocol.swift in Sources */ = {isa = PBXBuildFile; fileRef = A2EFD5CC27F0D3E6001E4071 /* AuthenticationBaseCoordinatedProtocol.swift */; };
		A2EFD5CF27F0D40C001E4071 /* FeedBaseCoordinatedProtocol.swift in Sources */ = {isa = PBXBuildFile; fileRef = A2EFD5CE27F0D40C001E4071 /* FeedBaseCoordinatedProtocol.swift */; };
		A2EFD5D127F0D451001E4071 /* SearchBaseCoordinatedProtocol.swift in Sources */ = {isa = PBXBuildFile; fileRef = A2EFD5D027F0D451001E4071 /* SearchBaseCoordinatedProtocol.swift */; };
		A2F0ED8C27FDB8730049EBAC /* ProductRepositoryProtocol.swift in Sources */ = {isa = PBXBuildFile; fileRef = A2F0ED8B27FDB8730049EBAC /* ProductRepositoryProtocol.swift */; };
		A2F0ED8E27FDB8C50049EBAC /* ProductDataRepository.swift in Sources */ = {isa = PBXBuildFile; fileRef = A2F0ED8D27FDB8C50049EBAC /* ProductDataRepository.swift */; };
		A2F0ED9227FDB95A0049EBAC /* ProductLocalDataSourceProtocol.swift in Sources */ = {isa = PBXBuildFile; fileRef = A2F0ED9127FDB95A0049EBAC /* ProductLocalDataSourceProtocol.swift */; };
		A2F0ED9427FDB9D20049EBAC /* ProductRemoteDataSource.swift in Sources */ = {isa = PBXBuildFile; fileRef = A2F0ED9327FDB9D20049EBAC /* ProductRemoteDataSource.swift */; };
		A2F0ED9627FDEDAD0049EBAC /* HotDataRepository.swift in Sources */ = {isa = PBXBuildFile; fileRef = A2F0ED9527FDEDAD0049EBAC /* HotDataRepository.swift */; };
		A2F0ED9927FDEDE10049EBAC /* HotRepositoryProtocol.swift in Sources */ = {isa = PBXBuildFile; fileRef = A2F0ED9827FDEDE10049EBAC /* HotRepositoryProtocol.swift */; };
		A2F0ED9E27FDEE490049EBAC /* HotLocalDataSourceProtocol.swift in Sources */ = {isa = PBXBuildFile; fileRef = A2F0ED9D27FDEE490049EBAC /* HotLocalDataSourceProtocol.swift */; };
		A2F0EDA127FDEE6F0049EBAC /* HotRemoteDataSourceProtocol.swift in Sources */ = {isa = PBXBuildFile; fileRef = A2F0EDA027FDEE6F0049EBAC /* HotRemoteDataSourceProtocol.swift */; };
		A2F0EDA327FDEE8C0049EBAC /* HotRemoteDataSource.swift in Sources */ = {isa = PBXBuildFile; fileRef = A2F0EDA227FDEE8C0049EBAC /* HotRemoteDataSource.swift */; };
		A2F0EDA527FDEEA30049EBAC /* HotLocalDataSource.swift in Sources */ = {isa = PBXBuildFile; fileRef = A2F0EDA427FDEEA30049EBAC /* HotLocalDataSource.swift */; };
		A2F0EDA727FDEF530049EBAC /* CategoryRepositoryProtocol.swift in Sources */ = {isa = PBXBuildFile; fileRef = A2F0EDA627FDEF530049EBAC /* CategoryRepositoryProtocol.swift */; };
		A2F0EDA927FDEF740049EBAC /* CategoryDataRepository.swift in Sources */ = {isa = PBXBuildFile; fileRef = A2F0EDA827FDEF740049EBAC /* CategoryDataRepository.swift */; };
		A2F0EDAD27FDEFB10049EBAC /* CategoryLocalDataSourceProtocol.swift in Sources */ = {isa = PBXBuildFile; fileRef = A2F0EDAC27FDEFB10049EBAC /* CategoryLocalDataSourceProtocol.swift */; };
		A2F0EDAF27FDEFC70049EBAC /* CategoryRemoteDataSourceProtocol.swift in Sources */ = {isa = PBXBuildFile; fileRef = A2F0EDAE27FDEFC70049EBAC /* CategoryRemoteDataSourceProtocol.swift */; };
		A2F0EDB127FDEFDE0049EBAC /* CategoryRemoteDataSource.swift in Sources */ = {isa = PBXBuildFile; fileRef = A2F0EDB027FDEFDE0049EBAC /* CategoryRemoteDataSource.swift */; };
		A2F0EDB327FDF0030049EBAC /* CategoryLocalDataSource.swift in Sources */ = {isa = PBXBuildFile; fileRef = A2F0EDB227FDF0030049EBAC /* CategoryLocalDataSource.swift */; };
		A2F0EDB927FE07220049EBAC /* ProfileSubscriptionsView.swift in Sources */ = {isa = PBXBuildFile; fileRef = A2F0EDB827FE07220049EBAC /* ProfileSubscriptionsView.swift */; };
		A2F0EDBC27FE07700049EBAC /* ProfileSubscriptionsPresenterInputProtocol.swift in Sources */ = {isa = PBXBuildFile; fileRef = A2F0EDBB27FE07700049EBAC /* ProfileSubscriptionsPresenterInputProtocol.swift */; };
		A2F0EDBE27FE07890049EBAC /* ProfileSubscriptionsPresenterOutputProtocol.swift in Sources */ = {isa = PBXBuildFile; fileRef = A2F0EDBD27FE07890049EBAC /* ProfileSubscriptionsPresenterOutputProtocol.swift */; };
		A2F0EDC027FE07A70049EBAC /* ProfileSubscriptionsPresenter.swift in Sources */ = {isa = PBXBuildFile; fileRef = A2F0EDBF27FE07A70049EBAC /* ProfileSubscriptionsPresenter.swift */; };
		A2F24F4027EEEEAB000B02D6 /* FlowCoordinatorProtocol.swift in Sources */ = {isa = PBXBuildFile; fileRef = A2F24F3F27EEEEAB000B02D6 /* FlowCoordinatorProtocol.swift */; };
		A2F24F4227EEEF5B000B02D6 /* MainBaseCoordinatorProtocol.swift in Sources */ = {isa = PBXBuildFile; fileRef = A2F24F4127EEEF5B000B02D6 /* MainBaseCoordinatorProtocol.swift */; };
		A2F24F4527EEF6A8000B02D6 /* ProfileCoordinator.swift in Sources */ = {isa = PBXBuildFile; fileRef = A2F24F4427EEF6A8000B02D6 /* ProfileCoordinator.swift */; };
		A2F24F4727EEF7E5000B02D6 /* ProfileBaseCoordinatorProtocol.swift in Sources */ = {isa = PBXBuildFile; fileRef = A2F24F4627EEF7E5000B02D6 /* ProfileBaseCoordinatorProtocol.swift */; };
		A2F24F4B27EEF84C000B02D6 /* AuthenticationBaseCoordinatorProtocol.swift in Sources */ = {isa = PBXBuildFile; fileRef = A2F24F4A27EEF84C000B02D6 /* AuthenticationBaseCoordinatorProtocol.swift */; };
		A2F24F4D27EEF871000B02D6 /* AuthenticationCoordinator.swift in Sources */ = {isa = PBXBuildFile; fileRef = A2F24F4C27EEF871000B02D6 /* AuthenticationCoordinator.swift */; };
		A2F24F5027EEF8CF000B02D6 /* MainCoordinator.swift in Sources */ = {isa = PBXBuildFile; fileRef = A2F24F4F27EEF8CF000B02D6 /* MainCoordinator.swift */; };
		A2F24F5627EEFBFA000B02D6 /* SearchBaseCoordinatorProtocol.swift in Sources */ = {isa = PBXBuildFile; fileRef = A2F24F5527EEFBFA000B02D6 /* SearchBaseCoordinatorProtocol.swift */; };
		A2F24F5827EEFC50000B02D6 /* SearchCoordinator.swift in Sources */ = {isa = PBXBuildFile; fileRef = A2F24F5727EEFC50000B02D6 /* SearchCoordinator.swift */; };
		A2F24F5A27EEFC8E000B02D6 /* FeedBaseCoordinatorProtocol.swift in Sources */ = {isa = PBXBuildFile; fileRef = A2F24F5927EEFC8E000B02D6 /* FeedBaseCoordinatorProtocol.swift */; };
		A2F24F5C27EEFCB4000B02D6 /* FeedCoordinator.swift in Sources */ = {isa = PBXBuildFile; fileRef = A2F24F5B27EEFCB4000B02D6 /* FeedCoordinator.swift */; };
		D0F7C04B678869DBE49DBDB6 /* Pods_BigDeal_BigDealUITests.framework in Frameworks */ = {isa = PBXBuildFile; fileRef = 8760B20FF8847648CB77B064 /* Pods_BigDeal_BigDealUITests.framework */; };
/* End PBXBuildFile section */

/* Begin PBXContainerItemProxy section */
		A2113B1527CE746000EBA9A9 /* PBXContainerItemProxy */ = {
			isa = PBXContainerItemProxy;
			containerPortal = A2113AF327CE745F00EBA9A9 /* Project object */;
			proxyType = 1;
			remoteGlobalIDString = A2113AFA27CE745F00EBA9A9;
			remoteInfo = BigDeal;
		};
		A2113B1F27CE746000EBA9A9 /* PBXContainerItemProxy */ = {
			isa = PBXContainerItemProxy;
			containerPortal = A2113AF327CE745F00EBA9A9 /* Project object */;
			proxyType = 1;
			remoteGlobalIDString = A2113AFA27CE745F00EBA9A9;
			remoteInfo = BigDeal;
		};
/* End PBXContainerItemProxy section */

/* Begin PBXFileReference section */
		111FD7BAA7A3C5ADD87047AA /* Pods-BigDealTests.release.xcconfig */ = {isa = PBXFileReference; includeInIndex = 1; lastKnownFileType = text.xcconfig; name = "Pods-BigDealTests.release.xcconfig"; path = "Target Support Files/Pods-BigDealTests/Pods-BigDealTests.release.xcconfig"; sourceTree = "<group>"; };
		19E5140F29BB96EC208DAC16 /* Pods-BigDeal.debug.xcconfig */ = {isa = PBXFileReference; includeInIndex = 1; lastKnownFileType = text.xcconfig; name = "Pods-BigDeal.debug.xcconfig"; path = "Target Support Files/Pods-BigDeal/Pods-BigDeal.debug.xcconfig"; sourceTree = "<group>"; };
		38322206F16C45493990C9BB /* Pods-BigDeal-BigDealUITests.debug.xcconfig */ = {isa = PBXFileReference; includeInIndex = 1; lastKnownFileType = text.xcconfig; name = "Pods-BigDeal-BigDealUITests.debug.xcconfig"; path = "Target Support Files/Pods-BigDeal-BigDealUITests/Pods-BigDeal-BigDealUITests.debug.xcconfig"; sourceTree = "<group>"; };
		38421BDD19C63B2817A3AAFF /* Pods_BigDeal.framework */ = {isa = PBXFileReference; explicitFileType = wrapper.framework; includeInIndex = 0; path = Pods_BigDeal.framework; sourceTree = BUILT_PRODUCTS_DIR; };
		8760B20FF8847648CB77B064 /* Pods_BigDeal_BigDealUITests.framework */ = {isa = PBXFileReference; explicitFileType = wrapper.framework; includeInIndex = 0; path = Pods_BigDeal_BigDealUITests.framework; sourceTree = BUILT_PRODUCTS_DIR; };
		9CDD3FC92F7808EDF6774B8E /* Pods-BigDeal.release.xcconfig */ = {isa = PBXFileReference; includeInIndex = 1; lastKnownFileType = text.xcconfig; name = "Pods-BigDeal.release.xcconfig"; path = "Target Support Files/Pods-BigDeal/Pods-BigDeal.release.xcconfig"; sourceTree = "<group>"; };
		A20022FE27F6FBFA002D04AE /* FeedMainView.swift */ = {isa = PBXFileReference; lastKnownFileType = sourcecode.swift; path = FeedMainView.swift; sourceTree = "<group>"; };
		A200230427F6FCB2002D04AE /* FeedMainPresenter.swift */ = {isa = PBXFileReference; lastKnownFileType = sourcecode.swift; path = FeedMainPresenter.swift; sourceTree = "<group>"; };
		A200230727F6FCE7002D04AE /* FeedMainPresenterInputProtocol.swift */ = {isa = PBXFileReference; lastKnownFileType = sourcecode.swift; path = FeedMainPresenterInputProtocol.swift; sourceTree = "<group>"; };
		A200230927F6FD2C002D04AE /* FeedMainPresenterOutputProtocol.swift */ = {isa = PBXFileReference; lastKnownFileType = sourcecode.swift; path = FeedMainPresenterOutputProtocol.swift; sourceTree = "<group>"; };
		A200230F27F6FF86002D04AE /* FeedMainModuleBuilder.swift */ = {isa = PBXFileReference; lastKnownFileType = sourcecode.swift; path = FeedMainModuleBuilder.swift; sourceTree = "<group>"; };
		A2113AFB27CE745F00EBA9A9 /* BigDeal.app */ = {isa = PBXFileReference; explicitFileType = wrapper.application; includeInIndex = 0; path = BigDeal.app; sourceTree = BUILT_PRODUCTS_DIR; };
		A2113AFE27CE745F00EBA9A9 /* AppDelegate.swift */ = {isa = PBXFileReference; lastKnownFileType = sourcecode.swift; path = AppDelegate.swift; sourceTree = "<group>"; };
		A2113B0027CE745F00EBA9A9 /* SceneDelegate.swift */ = {isa = PBXFileReference; lastKnownFileType = sourcecode.swift; path = SceneDelegate.swift; sourceTree = "<group>"; };
		A2113B0527CE745F00EBA9A9 /* Base */ = {isa = PBXFileReference; lastKnownFileType = file.storyboard; name = Base; path = Base.lproj/Main.storyboard; sourceTree = "<group>"; };
		A2113B0827CE745F00EBA9A9 /* BigDeal.xcdatamodel */ = {isa = PBXFileReference; lastKnownFileType = wrapper.xcdatamodel; path = BigDeal.xcdatamodel; sourceTree = "<group>"; };
		A2113B0A27CE746000EBA9A9 /* Assets.xcassets */ = {isa = PBXFileReference; lastKnownFileType = folder.assetcatalog; path = Assets.xcassets; sourceTree = "<group>"; };
		A2113B0D27CE746000EBA9A9 /* Base */ = {isa = PBXFileReference; lastKnownFileType = file.storyboard; name = Base; path = Base.lproj/LaunchScreen.storyboard; sourceTree = "<group>"; };
		A2113B0F27CE746000EBA9A9 /* Info.plist */ = {isa = PBXFileReference; lastKnownFileType = text.plist.xml; path = Info.plist; sourceTree = "<group>"; };
		A2113B1427CE746000EBA9A9 /* BigDealTests.xctest */ = {isa = PBXFileReference; explicitFileType = wrapper.cfbundle; includeInIndex = 0; path = BigDealTests.xctest; sourceTree = BUILT_PRODUCTS_DIR; };
		A2113B1827CE746000EBA9A9 /* BigDealTests.swift */ = {isa = PBXFileReference; lastKnownFileType = sourcecode.swift; path = BigDealTests.swift; sourceTree = "<group>"; };
		A2113B1E27CE746000EBA9A9 /* BigDealUITests.xctest */ = {isa = PBXFileReference; explicitFileType = wrapper.cfbundle; includeInIndex = 0; path = BigDealUITests.xctest; sourceTree = BUILT_PRODUCTS_DIR; };
		A2113B2227CE746000EBA9A9 /* BigDealUITests.swift */ = {isa = PBXFileReference; lastKnownFileType = sourcecode.swift; path = BigDealUITests.swift; sourceTree = "<group>"; };
		A2113B2427CE746000EBA9A9 /* BigDealUITestsLaunchTests.swift */ = {isa = PBXFileReference; lastKnownFileType = sourcecode.swift; path = BigDealUITestsLaunchTests.swift; sourceTree = "<group>"; };
		A23E572827F78AB60069F74E /* ProductLocalDataSource.swift */ = {isa = PBXFileReference; lastKnownFileType = sourcecode.swift; path = ProductLocalDataSource.swift; sourceTree = "<group>"; };
		A23E572B27F78ACF0069F74E /* ProductRemoteDataSourceProtocol.swift */ = {isa = PBXFileReference; lastKnownFileType = sourcecode.swift; path = ProductRemoteDataSourceProtocol.swift; sourceTree = "<group>"; };
		A26256A227FF2750007FA967 /* AuthenticationGreetingViewPresenter.swift */ = {isa = PBXFileReference; fileEncoding = 4; lastKnownFileType = sourcecode.swift; path = AuthenticationGreetingViewPresenter.swift; sourceTree = "<group>"; };
		A26256A427FF2750007FA967 /* AuthenticationGreetingView.swift */ = {isa = PBXFileReference; fileEncoding = 4; lastKnownFileType = sourcecode.swift; path = AuthenticationGreetingView.swift; sourceTree = "<group>"; };
		A26256A527FF2750007FA967 /* AuthenticationGreetingViewController.swift */ = {isa = PBXFileReference; fileEncoding = 4; lastKnownFileType = sourcecode.swift; path = AuthenticationGreetingViewController.swift; sourceTree = "<group>"; };
		A26256A727FF2750007FA967 /* AuthenticationGreetingBuilder.swift */ = {isa = PBXFileReference; fileEncoding = 4; lastKnownFileType = sourcecode.swift; path = AuthenticationGreetingBuilder.swift; sourceTree = "<group>"; };
		A26256AA27FF2750007FA967 /* AuthenticationRegisterViewPresenter.swift */ = {isa = PBXFileReference; fileEncoding = 4; lastKnownFileType = sourcecode.swift; path = AuthenticationRegisterViewPresenter.swift; sourceTree = "<group>"; };
		A26256AC27FF2750007FA967 /* AuthenticationRegisterView.swift */ = {isa = PBXFileReference; fileEncoding = 4; lastKnownFileType = sourcecode.swift; path = AuthenticationRegisterView.swift; sourceTree = "<group>"; };
		A26256AD27FF2750007FA967 /* AuthenticationRegisterViewController.swift */ = {isa = PBXFileReference; fileEncoding = 4; lastKnownFileType = sourcecode.swift; path = AuthenticationRegisterViewController.swift; sourceTree = "<group>"; };
		A26256AF27FF2750007FA967 /* AuthenticationRegisterBuilder.swift */ = {isa = PBXFileReference; fileEncoding = 4; lastKnownFileType = sourcecode.swift; path = AuthenticationRegisterBuilder.swift; sourceTree = "<group>"; };
		A26256B027FF2750007FA967 /* BuilderPrototcol.swift */ = {isa = PBXFileReference; fileEncoding = 4; lastKnownFileType = sourcecode.swift; path = BuilderPrototcol.swift; sourceTree = "<group>"; };
		A26256B327FF2750007FA967 /* AuthenticationLoginViewPresenter.swift */ = {isa = PBXFileReference; fileEncoding = 4; lastKnownFileType = sourcecode.swift; path = AuthenticationLoginViewPresenter.swift; sourceTree = "<group>"; };
		A26256B527FF2750007FA967 /* AuthenticationLoginScreenViewController.swift */ = {isa = PBXFileReference; fileEncoding = 4; lastKnownFileType = sourcecode.swift; path = AuthenticationLoginScreenViewController.swift; sourceTree = "<group>"; };
		A26256B627FF2750007FA967 /* AuthenticationLoginView.swift */ = {isa = PBXFileReference; fileEncoding = 4; lastKnownFileType = sourcecode.swift; path = AuthenticationLoginView.swift; sourceTree = "<group>"; };
		A26256B827FF2750007FA967 /* AuthenticationLoginBuilder.swift */ = {isa = PBXFileReference; fileEncoding = 4; lastKnownFileType = sourcecode.swift; path = AuthenticationLoginBuilder.swift; sourceTree = "<group>"; };
		A26256C927FF282D007FA967 /* MockCoordinator.swift */ = {isa = PBXFileReference; fileEncoding = 4; lastKnownFileType = sourcecode.swift; path = MockCoordinator.swift; sourceTree = "<group>"; };
		A26256CA27FF282D007FA967 /* MockAuthRegisterView.swift */ = {isa = PBXFileReference; fileEncoding = 4; lastKnownFileType = sourcecode.swift; path = MockAuthRegisterView.swift; sourceTree = "<group>"; };
		A26256CB27FF282D007FA967 /* AuthRegisterPresenterTest.swift */ = {isa = PBXFileReference; fileEncoding = 4; lastKnownFileType = sourcecode.swift; path = AuthRegisterPresenterTest.swift; sourceTree = "<group>"; };
		A27EBC3627F0D87800532EDE /* ProfileSettingsViewController.swift */ = {isa = PBXFileReference; lastKnownFileType = sourcecode.swift; path = ProfileSettingsViewController.swift; sourceTree = "<group>"; };
		A27EBC3827F0D88D00532EDE /* ProfileSubscriptionsViewController.swift */ = {isa = PBXFileReference; lastKnownFileType = sourcecode.swift; path = ProfileSubscriptionsViewController.swift; sourceTree = "<group>"; };
		A27EBC4727F0D98500532EDE /* DetailItemViewController.swift */ = {isa = PBXFileReference; lastKnownFileType = sourcecode.swift; path = DetailItemViewController.swift; sourceTree = "<group>"; };
		A27EBC4927F0D9AA00532EDE /* SearchMainScreenViewController.swift */ = {isa = PBXFileReference; lastKnownFileType = sourcecode.swift; path = SearchMainScreenViewController.swift; sourceTree = "<group>"; };
		A27EBC4B27F0D9C600532EDE /* SearchFilterScreenViewController.swift */ = {isa = PBXFileReference; lastKnownFileType = sourcecode.swift; path = SearchFilterScreenViewController.swift; sourceTree = "<group>"; };
		A27EBC4D27F0D9E900532EDE /* FeedMainViewController.swift */ = {isa = PBXFileReference; lastKnownFileType = sourcecode.swift; path = FeedMainViewController.swift; sourceTree = "<group>"; };
		A297430127FECEB8009E5E7D /* DataManager.swift */ = {isa = PBXFileReference; lastKnownFileType = sourcecode.swift; path = DataManager.swift; sourceTree = "<group>"; };
		A297430427FECF6A009E5E7D /* Item.swift */ = {isa = PBXFileReference; lastKnownFileType = sourcecode.swift; path = Item.swift; sourceTree = "<group>"; };
		A297430627FED162009E5E7D /* CustomHeaderCollectionReusableView.swift */ = {isa = PBXFileReference; lastKnownFileType = sourcecode.swift; path = CustomHeaderCollectionReusableView.swift; sourceTree = "<group>"; };
		A297430827FED25E009E5E7D /* CustomItemCollectionViewCell.swift */ = {isa = PBXFileReference; lastKnownFileType = sourcecode.swift; path = CustomItemCollectionViewCell.swift; sourceTree = "<group>"; };
		A2A3F51427FE0D0E003417D6 /* CheckBoxController.swift */ = {isa = PBXFileReference; lastKnownFileType = sourcecode.swift; path = CheckBoxController.swift; sourceTree = "<group>"; };
		A2A3F51627FE126D003417D6 /* CustomCheckBoxTableViewCell.swift */ = {isa = PBXFileReference; lastKnownFileType = sourcecode.swift; path = CustomCheckBoxTableViewCell.swift; sourceTree = "<group>"; };
		A2A3F51B27FE287A003417D6 /* ProfileSubscriptionsModuleBuilder.swift */ = {isa = PBXFileReference; lastKnownFileType = sourcecode.swift; path = ProfileSubscriptionsModuleBuilder.swift; sourceTree = "<group>"; };
		A2A3F51E27FE2CDB003417D6 /* ProfileSettingsView.swift */ = {isa = PBXFileReference; lastKnownFileType = sourcecode.swift; path = ProfileSettingsView.swift; sourceTree = "<group>"; };
		A2A3F52227FE2D23003417D6 /* ProfileSettingsPresenterInputProtocol.swift */ = {isa = PBXFileReference; lastKnownFileType = sourcecode.swift; path = ProfileSettingsPresenterInputProtocol.swift; sourceTree = "<group>"; };
		A2A3F52427FE2D60003417D6 /* ProfileSettingsPresenterOutputProtocol.swift */ = {isa = PBXFileReference; lastKnownFileType = sourcecode.swift; path = ProfileSettingsPresenterOutputProtocol.swift; sourceTree = "<group>"; };
		A2A3F52627FE2D7D003417D6 /* ProfileSettingsPresenter.swift */ = {isa = PBXFileReference; lastKnownFileType = sourcecode.swift; path = ProfileSettingsPresenter.swift; sourceTree = "<group>"; };
		A2A3F52827FE2DAD003417D6 /* ProfileSettingsModuleBuilder.swift */ = {isa = PBXFileReference; lastKnownFileType = sourcecode.swift; path = ProfileSettingsModuleBuilder.swift; sourceTree = "<group>"; };
		A2A3F52E27FE3356003417D6 /* RadioButtonController.swift */ = {isa = PBXFileReference; lastKnownFileType = sourcecode.swift; path = RadioButtonController.swift; sourceTree = "<group>"; };
		A2A3F53427FE3975003417D6 /* CustomRadioButtonTableViewCell.swift */ = {isa = PBXFileReference; lastKnownFileType = sourcecode.swift; path = CustomRadioButtonTableViewCell.swift; sourceTree = "<group>"; };
		A2A3F53627FE3987003417D6 /* CustomTextFieldTableViewCell.swift */ = {isa = PBXFileReference; lastKnownFileType = sourcecode.swift; path = CustomTextFieldTableViewCell.swift; sourceTree = "<group>"; };
		A2B6815B27FF555D00518A90 /* ProfileSettingsUnitTests.swift */ = {isa = PBXFileReference; lastKnownFileType = sourcecode.swift; path = ProfileSettingsUnitTests.swift; sourceTree = "<group>"; };
		A2B6815F27FF57D100518A90 /* ValidationService.swift */ = {isa = PBXFileReference; lastKnownFileType = sourcecode.swift; path = ValidationService.swift; sourceTree = "<group>"; };
		A2B6816427FF58AE00518A90 /* ProfileSettingsPresenterInputMock.swift */ = {isa = PBXFileReference; lastKnownFileType = sourcecode.swift; path = ProfileSettingsPresenterInputMock.swift; sourceTree = "<group>"; };
		A2B6816727FF5DDA00518A90 /* ValidationServiceProtocol.swift */ = {isa = PBXFileReference; lastKnownFileType = sourcecode.swift; path = ValidationServiceProtocol.swift; sourceTree = "<group>"; };
		A2B6816927FF602D00518A90 /* ProfileIntegrationTests.swift */ = {isa = PBXFileReference; lastKnownFileType = sourcecode.swift; path = ProfileIntegrationTests.swift; sourceTree = "<group>"; };
		A2CF987027DA292F001A6C39 /* ProfileMainPresenter.swift */ = {isa = PBXFileReference; lastKnownFileType = sourcecode.swift; path = ProfileMainPresenter.swift; sourceTree = "<group>"; };
		A2CF987327DA297B001A6C39 /* ProfileMainScreenViewInputProtocol.swift */ = {isa = PBXFileReference; lastKnownFileType = sourcecode.swift; path = ProfileMainScreenViewInputProtocol.swift; sourceTree = "<group>"; };
		A2CF987527DA299F001A6C39 /* ProfileMainScreenViewOutputProtocol.swift */ = {isa = PBXFileReference; lastKnownFileType = sourcecode.swift; path = ProfileMainScreenViewOutputProtocol.swift; sourceTree = "<group>"; };
		A2CF987727DA29C0001A6C39 /* ProfileMainView.swift */ = {isa = PBXFileReference; lastKnownFileType = sourcecode.swift; path = ProfileMainView.swift; sourceTree = "<group>"; };
		A2CF987927DA29CC001A6C39 /* ProfileMainViewController.swift */ = {isa = PBXFileReference; lastKnownFileType = sourcecode.swift; path = ProfileMainViewController.swift; sourceTree = "<group>"; };
		A2CF988627DA2CDF001A6C39 /* ProfileMainModuleBuilder.swift */ = {isa = PBXFileReference; lastKnownFileType = sourcecode.swift; path = ProfileMainModuleBuilder.swift; sourceTree = "<group>"; };
		A2EFD5C827F0B370001E4071 /* Enums.swift */ = {isa = PBXFileReference; lastKnownFileType = sourcecode.swift; path = Enums.swift; sourceTree = "<group>"; };
		A2EFD5CA27F0BD0C001E4071 /* ProfileBaseCoordinatedProtocol.swift */ = {isa = PBXFileReference; lastKnownFileType = sourcecode.swift; path = ProfileBaseCoordinatedProtocol.swift; sourceTree = "<group>"; };
		A2EFD5CC27F0D3E6001E4071 /* AuthenticationBaseCoordinatedProtocol.swift */ = {isa = PBXFileReference; lastKnownFileType = sourcecode.swift; path = AuthenticationBaseCoordinatedProtocol.swift; sourceTree = "<group>"; };
		A2EFD5CE27F0D40C001E4071 /* FeedBaseCoordinatedProtocol.swift */ = {isa = PBXFileReference; lastKnownFileType = sourcecode.swift; path = FeedBaseCoordinatedProtocol.swift; sourceTree = "<group>"; };
		A2EFD5D027F0D451001E4071 /* SearchBaseCoordinatedProtocol.swift */ = {isa = PBXFileReference; lastKnownFileType = sourcecode.swift; path = SearchBaseCoordinatedProtocol.swift; sourceTree = "<group>"; };
		A2F0ED8B27FDB8730049EBAC /* ProductRepositoryProtocol.swift */ = {isa = PBXFileReference; lastKnownFileType = sourcecode.swift; path = ProductRepositoryProtocol.swift; sourceTree = "<group>"; };
		A2F0ED8D27FDB8C50049EBAC /* ProductDataRepository.swift */ = {isa = PBXFileReference; lastKnownFileType = sourcecode.swift; path = ProductDataRepository.swift; sourceTree = "<group>"; };
		A2F0ED9127FDB95A0049EBAC /* ProductLocalDataSourceProtocol.swift */ = {isa = PBXFileReference; lastKnownFileType = sourcecode.swift; path = ProductLocalDataSourceProtocol.swift; sourceTree = "<group>"; };
		A2F0ED9327FDB9D20049EBAC /* ProductRemoteDataSource.swift */ = {isa = PBXFileReference; lastKnownFileType = sourcecode.swift; path = ProductRemoteDataSource.swift; sourceTree = "<group>"; };
		A2F0ED9527FDEDAD0049EBAC /* HotDataRepository.swift */ = {isa = PBXFileReference; lastKnownFileType = sourcecode.swift; path = HotDataRepository.swift; sourceTree = "<group>"; };
		A2F0ED9827FDEDE10049EBAC /* HotRepositoryProtocol.swift */ = {isa = PBXFileReference; lastKnownFileType = sourcecode.swift; path = HotRepositoryProtocol.swift; sourceTree = "<group>"; };
		A2F0ED9D27FDEE490049EBAC /* HotLocalDataSourceProtocol.swift */ = {isa = PBXFileReference; lastKnownFileType = sourcecode.swift; path = HotLocalDataSourceProtocol.swift; sourceTree = "<group>"; };
		A2F0EDA027FDEE6F0049EBAC /* HotRemoteDataSourceProtocol.swift */ = {isa = PBXFileReference; lastKnownFileType = sourcecode.swift; path = HotRemoteDataSourceProtocol.swift; sourceTree = "<group>"; };
		A2F0EDA227FDEE8C0049EBAC /* HotRemoteDataSource.swift */ = {isa = PBXFileReference; lastKnownFileType = sourcecode.swift; path = HotRemoteDataSource.swift; sourceTree = "<group>"; };
		A2F0EDA427FDEEA30049EBAC /* HotLocalDataSource.swift */ = {isa = PBXFileReference; lastKnownFileType = sourcecode.swift; path = HotLocalDataSource.swift; sourceTree = "<group>"; };
		A2F0EDA627FDEF530049EBAC /* CategoryRepositoryProtocol.swift */ = {isa = PBXFileReference; lastKnownFileType = sourcecode.swift; path = CategoryRepositoryProtocol.swift; sourceTree = "<group>"; };
		A2F0EDA827FDEF740049EBAC /* CategoryDataRepository.swift */ = {isa = PBXFileReference; lastKnownFileType = sourcecode.swift; path = CategoryDataRepository.swift; sourceTree = "<group>"; };
		A2F0EDAC27FDEFB10049EBAC /* CategoryLocalDataSourceProtocol.swift */ = {isa = PBXFileReference; lastKnownFileType = sourcecode.swift; path = CategoryLocalDataSourceProtocol.swift; sourceTree = "<group>"; };
		A2F0EDAE27FDEFC70049EBAC /* CategoryRemoteDataSourceProtocol.swift */ = {isa = PBXFileReference; lastKnownFileType = sourcecode.swift; path = CategoryRemoteDataSourceProtocol.swift; sourceTree = "<group>"; };
		A2F0EDB027FDEFDE0049EBAC /* CategoryRemoteDataSource.swift */ = {isa = PBXFileReference; lastKnownFileType = sourcecode.swift; path = CategoryRemoteDataSource.swift; sourceTree = "<group>"; };
		A2F0EDB227FDF0030049EBAC /* CategoryLocalDataSource.swift */ = {isa = PBXFileReference; lastKnownFileType = sourcecode.swift; path = CategoryLocalDataSource.swift; sourceTree = "<group>"; };
		A2F0EDB827FE07220049EBAC /* ProfileSubscriptionsView.swift */ = {isa = PBXFileReference; lastKnownFileType = sourcecode.swift; path = ProfileSubscriptionsView.swift; sourceTree = "<group>"; };
		A2F0EDBB27FE07700049EBAC /* ProfileSubscriptionsPresenterInputProtocol.swift */ = {isa = PBXFileReference; lastKnownFileType = sourcecode.swift; path = ProfileSubscriptionsPresenterInputProtocol.swift; sourceTree = "<group>"; };
		A2F0EDBD27FE07890049EBAC /* ProfileSubscriptionsPresenterOutputProtocol.swift */ = {isa = PBXFileReference; lastKnownFileType = sourcecode.swift; path = ProfileSubscriptionsPresenterOutputProtocol.swift; sourceTree = "<group>"; };
		A2F0EDBF27FE07A70049EBAC /* ProfileSubscriptionsPresenter.swift */ = {isa = PBXFileReference; lastKnownFileType = sourcecode.swift; path = ProfileSubscriptionsPresenter.swift; sourceTree = "<group>"; };
		A2F24F3F27EEEEAB000B02D6 /* FlowCoordinatorProtocol.swift */ = {isa = PBXFileReference; lastKnownFileType = sourcecode.swift; path = FlowCoordinatorProtocol.swift; sourceTree = "<group>"; };
		A2F24F4127EEEF5B000B02D6 /* MainBaseCoordinatorProtocol.swift */ = {isa = PBXFileReference; lastKnownFileType = sourcecode.swift; path = MainBaseCoordinatorProtocol.swift; sourceTree = "<group>"; };
		A2F24F4427EEF6A8000B02D6 /* ProfileCoordinator.swift */ = {isa = PBXFileReference; lastKnownFileType = sourcecode.swift; path = ProfileCoordinator.swift; sourceTree = "<group>"; };
		A2F24F4627EEF7E5000B02D6 /* ProfileBaseCoordinatorProtocol.swift */ = {isa = PBXFileReference; lastKnownFileType = sourcecode.swift; path = ProfileBaseCoordinatorProtocol.swift; sourceTree = "<group>"; };
		A2F24F4A27EEF84C000B02D6 /* AuthenticationBaseCoordinatorProtocol.swift */ = {isa = PBXFileReference; lastKnownFileType = sourcecode.swift; path = AuthenticationBaseCoordinatorProtocol.swift; sourceTree = "<group>"; };
		A2F24F4C27EEF871000B02D6 /* AuthenticationCoordinator.swift */ = {isa = PBXFileReference; lastKnownFileType = sourcecode.swift; path = AuthenticationCoordinator.swift; sourceTree = "<group>"; };
		A2F24F4F27EEF8CF000B02D6 /* MainCoordinator.swift */ = {isa = PBXFileReference; lastKnownFileType = sourcecode.swift; path = MainCoordinator.swift; sourceTree = "<group>"; };
		A2F24F5527EEFBFA000B02D6 /* SearchBaseCoordinatorProtocol.swift */ = {isa = PBXFileReference; lastKnownFileType = sourcecode.swift; path = SearchBaseCoordinatorProtocol.swift; sourceTree = "<group>"; };
		A2F24F5727EEFC50000B02D6 /* SearchCoordinator.swift */ = {isa = PBXFileReference; lastKnownFileType = sourcecode.swift; path = SearchCoordinator.swift; sourceTree = "<group>"; };
		A2F24F5927EEFC8E000B02D6 /* FeedBaseCoordinatorProtocol.swift */ = {isa = PBXFileReference; lastKnownFileType = sourcecode.swift; path = FeedBaseCoordinatorProtocol.swift; sourceTree = "<group>"; };
		A2F24F5B27EEFCB4000B02D6 /* FeedCoordinator.swift */ = {isa = PBXFileReference; lastKnownFileType = sourcecode.swift; path = FeedCoordinator.swift; sourceTree = "<group>"; };
		B191609E344FAD85EDA12B7E /* Pods-BigDeal-BigDealUITests.release.xcconfig */ = {isa = PBXFileReference; includeInIndex = 1; lastKnownFileType = text.xcconfig; name = "Pods-BigDeal-BigDealUITests.release.xcconfig"; path = "Target Support Files/Pods-BigDeal-BigDealUITests/Pods-BigDeal-BigDealUITests.release.xcconfig"; sourceTree = "<group>"; };
		BC4CDA2571769D2695310218 /* Pods_BigDealTests.framework */ = {isa = PBXFileReference; explicitFileType = wrapper.framework; includeInIndex = 0; path = Pods_BigDealTests.framework; sourceTree = BUILT_PRODUCTS_DIR; };
		FC04F0D932F76B1339C4C2FA /* Pods-BigDealTests.debug.xcconfig */ = {isa = PBXFileReference; includeInIndex = 1; lastKnownFileType = text.xcconfig; name = "Pods-BigDealTests.debug.xcconfig"; path = "Target Support Files/Pods-BigDealTests/Pods-BigDealTests.debug.xcconfig"; sourceTree = "<group>"; };
/* End PBXFileReference section */

/* Begin PBXFrameworksBuildPhase section */
		A2113AF827CE745F00EBA9A9 /* Frameworks */ = {
			isa = PBXFrameworksBuildPhase;
			buildActionMask = 2147483647;
			files = (
				3C4A65D98623622857737E24 /* Pods_BigDeal.framework in Frameworks */,
			);
			runOnlyForDeploymentPostprocessing = 0;
		};
		A2113B1127CE746000EBA9A9 /* Frameworks */ = {
			isa = PBXFrameworksBuildPhase;
			buildActionMask = 2147483647;
			files = (
				7A7CC80AB1D8F00FA3186AE5 /* Pods_BigDealTests.framework in Frameworks */,
			);
			runOnlyForDeploymentPostprocessing = 0;
		};
		A2113B1B27CE746000EBA9A9 /* Frameworks */ = {
			isa = PBXFrameworksBuildPhase;
			buildActionMask = 2147483647;
			files = (
				D0F7C04B678869DBE49DBDB6 /* Pods_BigDeal_BigDealUITests.framework in Frameworks */,
			);
			runOnlyForDeploymentPostprocessing = 0;
		};
/* End PBXFrameworksBuildPhase section */

/* Begin PBXGroup section */
		208163C647AC550613CA528E /* Frameworks */ = {
			isa = PBXGroup;
			children = (
				38421BDD19C63B2817A3AAFF /* Pods_BigDeal.framework */,
				8760B20FF8847648CB77B064 /* Pods_BigDeal_BigDealUITests.framework */,
				BC4CDA2571769D2695310218 /* Pods_BigDealTests.framework */,
			);
			name = Frameworks;
			sourceTree = "<group>";
		};
		42DB12CDE275EA7E77C363F6 /* Pods */ = {
			isa = PBXGroup;
			children = (
				19E5140F29BB96EC208DAC16 /* Pods-BigDeal.debug.xcconfig */,
				9CDD3FC92F7808EDF6774B8E /* Pods-BigDeal.release.xcconfig */,
				38322206F16C45493990C9BB /* Pods-BigDeal-BigDealUITests.debug.xcconfig */,
				B191609E344FAD85EDA12B7E /* Pods-BigDeal-BigDealUITests.release.xcconfig */,
				FC04F0D932F76B1339C4C2FA /* Pods-BigDealTests.debug.xcconfig */,
				111FD7BAA7A3C5ADD87047AA /* Pods-BigDealTests.release.xcconfig */,
			);
			path = Pods;
			sourceTree = "<group>";
		};
		A200230027F6FC0F002D04AE /* View */ = {
			isa = PBXGroup;
			children = (
				A27EBC4D27F0D9E900532EDE /* FeedMainViewController.swift */,
				A20022FE27F6FBFA002D04AE /* FeedMainView.swift */,
			);
			path = View;
			sourceTree = "<group>";
		};
		A200230127F6FC16002D04AE /* Model */ = {
			isa = PBXGroup;
			children = (
			);
			path = Model;
			sourceTree = "<group>";
		};
		A200230227F6FC24002D04AE /* Presenter */ = {
			isa = PBXGroup;
			children = (
				A200230627F6FCC8002D04AE /* Protocols */,
				A200230427F6FCB2002D04AE /* FeedMainPresenter.swift */,
			);
			path = Presenter;
			sourceTree = "<group>";
		};
		A200230327F6FC6F002D04AE /* Main */ = {
			isa = PBXGroup;
			children = (
				A200230127F6FC16002D04AE /* Model */,
				A200230027F6FC0F002D04AE /* View */,
				A200230227F6FC24002D04AE /* Presenter */,
				A200230E27F6FF64002D04AE /* ModuleBuilder */,
			);
			path = Main;
			sourceTree = "<group>";
		};
		A200230627F6FCC8002D04AE /* Protocols */ = {
			isa = PBXGroup;
			children = (
				A200230727F6FCE7002D04AE /* FeedMainPresenterInputProtocol.swift */,
				A200230927F6FD2C002D04AE /* FeedMainPresenterOutputProtocol.swift */,
			);
			path = Protocols;
			sourceTree = "<group>";
		};
		A200230E27F6FF64002D04AE /* ModuleBuilder */ = {
			isa = PBXGroup;
			children = (
				A200230F27F6FF86002D04AE /* FeedMainModuleBuilder.swift */,
			);
			path = ModuleBuilder;
			sourceTree = "<group>";
		};
		A2113AF227CE745F00EBA9A9 = {
			isa = PBXGroup;
			children = (
				A2113AFD27CE745F00EBA9A9 /* BigDeal */,
				A2113B1727CE746000EBA9A9 /* BigDealTests */,
				A2113B2127CE746000EBA9A9 /* BigDealUITests */,
				A2113AFC27CE745F00EBA9A9 /* Products */,
				42DB12CDE275EA7E77C363F6 /* Pods */,
				208163C647AC550613CA528E /* Frameworks */,
			);
			sourceTree = "<group>";
		};
		A2113AFC27CE745F00EBA9A9 /* Products */ = {
			isa = PBXGroup;
			children = (
				A2113AFB27CE745F00EBA9A9 /* BigDeal.app */,
				A2113B1427CE746000EBA9A9 /* BigDealTests.xctest */,
				A2113B1E27CE746000EBA9A9 /* BigDealUITests.xctest */,
			);
			name = Products;
			sourceTree = "<group>";
		};
		A2113AFD27CE745F00EBA9A9 /* BigDeal */ = {
			isa = PBXGroup;
			children = (
				A2B6816327FF586B00518A90 /* Mocks */,
				A297430027FECEAD009E5E7D /* Managers */,
				A2A3F51327FE0CE7003417D6 /* Additional */,
				A2F0ED8727FDA88E0049EBAC /* Repositories */,
				A23E572727F78A350069F74E /* Delegates */,
				A23E572627F78A190069F74E /* Resources */,
				A23E572427F78A090069F74E /* Services */,
				A2F24F3E27EEEE56000B02D6 /* Coordinator */,
				A23E572227F789C30069F74E /* Flow */,
			);
			path = BigDeal;
			sourceTree = "<group>";
		};
		A2113B1727CE746000EBA9A9 /* BigDealTests */ = {
			isa = PBXGroup;
			children = (
				A2B6815A27FF552E00518A90 /* ProfileFlow */,
				A26256C627FF282D007FA967 /* AuthenticationTest */,
				A2113B1827CE746000EBA9A9 /* BigDealTests.swift */,
			);
			path = BigDealTests;
			sourceTree = "<group>";
		};
		A2113B2127CE746000EBA9A9 /* BigDealUITests */ = {
			isa = PBXGroup;
			children = (
				A2113B2227CE746000EBA9A9 /* BigDealUITests.swift */,
				A2113B2427CE746000EBA9A9 /* BigDealUITestsLaunchTests.swift */,
			);
			path = BigDealUITests;
			sourceTree = "<group>";
		};
		A23E572227F789C30069F74E /* Flow */ = {
			isa = PBXGroup;
			children = (
				A2CF988A27DA2FEE001A6C39 /* Profile */,
				A27EBC3A27F0D8A500532EDE /* Authentication */,
				A27EBC4527F0D91B00532EDE /* Search */,
				A27EBC4427F0D91600532EDE /* Feed */,
				A27EBC4627F0D96300532EDE /* Shared */,
			);
			path = Flow;
			sourceTree = "<group>";
		};
		A23E572427F78A090069F74E /* Services */ = {
			isa = PBXGroup;
			children = (
				A2B6815E27FF577E00518A90 /* Helpers */,
				A2F0EDAA27FDEF910049EBAC /* Category */,
				A2F0ED9C27FDEE2D0049EBAC /* Hot */,
				A2F0ED9B27FDEE210049EBAC /* Product */,
			);
			path = Services;
			sourceTree = "<group>";
		};
		A23E572627F78A190069F74E /* Resources */ = {
			isa = PBXGroup;
			children = (
				A2113B0A27CE746000EBA9A9 /* Assets.xcassets */,
				A2113B0427CE745F00EBA9A9 /* Main.storyboard */,
				A2113B0C27CE746000EBA9A9 /* LaunchScreen.storyboard */,
				A2113B0F27CE746000EBA9A9 /* Info.plist */,
				A2113B0727CE745F00EBA9A9 /* BigDeal.xcdatamodeld */,
			);
			path = Resources;
			sourceTree = "<group>";
		};
		A23E572727F78A350069F74E /* Delegates */ = {
			isa = PBXGroup;
			children = (
				A2113AFE27CE745F00EBA9A9 /* AppDelegate.swift */,
				A2113B0027CE745F00EBA9A9 /* SceneDelegate.swift */,
			);
			path = Delegates;
			sourceTree = "<group>";
		};
		A23E572A27F78ABB0069F74E /* Protocols */ = {
			isa = PBXGroup;
			children = (
				A2F0ED9127FDB95A0049EBAC /* ProductLocalDataSourceProtocol.swift */,
				A23E572B27F78ACF0069F74E /* ProductRemoteDataSourceProtocol.swift */,
			);
			path = Protocols;
			sourceTree = "<group>";
		};
		A26256A027FF2750007FA967 /* Greeting */ = {
			isa = PBXGroup;
			children = (
				A26256A127FF2750007FA967 /* Presenter */,
				A26256A327FF2750007FA967 /* ViewController */,
				A26256A627FF2750007FA967 /* Builder */,
			);
			path = Greeting;
			sourceTree = "<group>";
		};
		A26256A127FF2750007FA967 /* Presenter */ = {
			isa = PBXGroup;
			children = (
				A26256A227FF2750007FA967 /* AuthenticationGreetingViewPresenter.swift */,
			);
			path = Presenter;
			sourceTree = "<group>";
		};
		A26256A327FF2750007FA967 /* ViewController */ = {
			isa = PBXGroup;
			children = (
				A26256A427FF2750007FA967 /* AuthenticationGreetingView.swift */,
				A26256A527FF2750007FA967 /* AuthenticationGreetingViewController.swift */,
			);
			path = ViewController;
			sourceTree = "<group>";
		};
		A26256A627FF2750007FA967 /* Builder */ = {
			isa = PBXGroup;
			children = (
				A26256A727FF2750007FA967 /* AuthenticationGreetingBuilder.swift */,
			);
			path = Builder;
			sourceTree = "<group>";
		};
		A26256A827FF2750007FA967 /* Register */ = {
			isa = PBXGroup;
			children = (
				A26256A927FF2750007FA967 /* Presenter */,
				A26256AB27FF2750007FA967 /* ViewController */,
				A26256AE27FF2750007FA967 /* Builder */,
			);
			path = Register;
			sourceTree = "<group>";
		};
		A26256A927FF2750007FA967 /* Presenter */ = {
			isa = PBXGroup;
			children = (
				A26256AA27FF2750007FA967 /* AuthenticationRegisterViewPresenter.swift */,
			);
			path = Presenter;
			sourceTree = "<group>";
		};
		A26256AB27FF2750007FA967 /* ViewController */ = {
			isa = PBXGroup;
			children = (
				A26256AC27FF2750007FA967 /* AuthenticationRegisterView.swift */,
				A26256AD27FF2750007FA967 /* AuthenticationRegisterViewController.swift */,
			);
			path = ViewController;
			sourceTree = "<group>";
		};
		A26256AE27FF2750007FA967 /* Builder */ = {
			isa = PBXGroup;
			children = (
				A26256AF27FF2750007FA967 /* AuthenticationRegisterBuilder.swift */,
			);
			path = Builder;
			sourceTree = "<group>";
		};
		A26256B127FF2750007FA967 /* Login */ = {
			isa = PBXGroup;
			children = (
				A26256B227FF2750007FA967 /* Presenter */,
				A26256B427FF2750007FA967 /* ViewController */,
				A26256B727FF2750007FA967 /* Builder */,
			);
			path = Login;
			sourceTree = "<group>";
		};
		A26256B227FF2750007FA967 /* Presenter */ = {
			isa = PBXGroup;
			children = (
				A26256B327FF2750007FA967 /* AuthenticationLoginViewPresenter.swift */,
			);
			path = Presenter;
			sourceTree = "<group>";
		};
		A26256B427FF2750007FA967 /* ViewController */ = {
			isa = PBXGroup;
			children = (
				A26256B527FF2750007FA967 /* AuthenticationLoginScreenViewController.swift */,
				A26256B627FF2750007FA967 /* AuthenticationLoginView.swift */,
			);
			path = ViewController;
			sourceTree = "<group>";
		};
		A26256B727FF2750007FA967 /* Builder */ = {
			isa = PBXGroup;
			children = (
				A26256B827FF2750007FA967 /* AuthenticationLoginBuilder.swift */,
			);
			path = Builder;
			sourceTree = "<group>";
		};
		A26256C627FF282D007FA967 /* AuthenticationTest */ = {
			isa = PBXGroup;
			children = (
				A26256C727FF282D007FA967 /* Register */,
			);
			path = AuthenticationTest;
			sourceTree = "<group>";
		};
		A26256C727FF282D007FA967 /* Register */ = {
			isa = PBXGroup;
			children = (
				A26256C827FF282D007FA967 /* Mocks */,
				A26256CB27FF282D007FA967 /* AuthRegisterPresenterTest.swift */,
			);
			path = Register;
			sourceTree = "<group>";
		};
		A26256C827FF282D007FA967 /* Mocks */ = {
			isa = PBXGroup;
			children = (
				A26256C927FF282D007FA967 /* MockCoordinator.swift */,
				A26256CA27FF282D007FA967 /* MockAuthRegisterView.swift */,
			);
			path = Mocks;
			sourceTree = "<group>";
		};
		A27EBC3427F0D83200532EDE /* Settings */ = {
			isa = PBXGroup;
			children = (
				A2A3F52B27FE2E5D003417D6 /* Model */,
				A2A3F51D27FE2CC9003417D6 /* View */,
				A2A3F52027FE2CF3003417D6 /* Presenter */,
				A2A3F52A27FE2DBA003417D6 /* ModuleBuilder */,
			);
			path = Settings;
			sourceTree = "<group>";
		};
		A27EBC3527F0D85900532EDE /* Subscriptions */ = {
			isa = PBXGroup;
			children = (
				A2F0EDB627FE06B00049EBAC /* Model */,
				A2F0EDB727FE06B60049EBAC /* View */,
				A2F0EDB527FE06AB0049EBAC /* Presenter */,
				A2F0EDB427FE06910049EBAC /* ModuleBuilder */,
			);
			path = Subscriptions;
			sourceTree = "<group>";
		};
		A27EBC3A27F0D8A500532EDE /* Authentication */ = {
			isa = PBXGroup;
			children = (
				A26256B027FF2750007FA967 /* BuilderPrototcol.swift */,
				A26256A027FF2750007FA967 /* Greeting */,
				A26256A827FF2750007FA967 /* Register */,
				A26256B127FF2750007FA967 /* Login */,
			);
			path = Authentication;
			sourceTree = "<group>";
		};
		A27EBC4427F0D91600532EDE /* Feed */ = {
			isa = PBXGroup;
			children = (
				A200230327F6FC6F002D04AE /* Main */,
			);
			path = Feed;
			sourceTree = "<group>";
		};
		A27EBC4527F0D91B00532EDE /* Search */ = {
			isa = PBXGroup;
			children = (
				A27EBC4927F0D9AA00532EDE /* SearchMainScreenViewController.swift */,
				A27EBC4B27F0D9C600532EDE /* SearchFilterScreenViewController.swift */,
			);
			path = Search;
			sourceTree = "<group>";
		};
		A27EBC4627F0D96300532EDE /* Shared */ = {
			isa = PBXGroup;
			children = (
				A297430327FECF5E009E5E7D /* Structs */,
				A2A3F51827FE1279003417D6 /* Cells */,
				A27EBC4727F0D98500532EDE /* DetailItemViewController.swift */,
			);
			path = Shared;
			sourceTree = "<group>";
		};
		A29742FF27FECB69009E5E7D /* Model */ = {
			isa = PBXGroup;
			children = (
			);
			path = Model;
			sourceTree = "<group>";
		};
		A297430027FECEAD009E5E7D /* Managers */ = {
			isa = PBXGroup;
			children = (
				A297430127FECEB8009E5E7D /* DataManager.swift */,
			);
			path = Managers;
			sourceTree = "<group>";
		};
		A297430327FECF5E009E5E7D /* Structs */ = {
			isa = PBXGroup;
			children = (
				A297430427FECF6A009E5E7D /* Item.swift */,
			);
			path = Structs;
			sourceTree = "<group>";
		};
		A2A3F51327FE0CE7003417D6 /* Additional */ = {
			isa = PBXGroup;
			children = (
				A2A3F52D27FE3314003417D6 /* RadioButtonControllers */,
				A2A3F52C27FE330B003417D6 /* CheckBoxControllers */,
			);
			path = Additional;
			sourceTree = "<group>";
		};
		A2A3F51827FE1279003417D6 /* Cells */ = {
			isa = PBXGroup;
			children = (
				A2A3F51627FE126D003417D6 /* CustomCheckBoxTableViewCell.swift */,
				A2A3F53427FE3975003417D6 /* CustomRadioButtonTableViewCell.swift */,
				A2A3F53627FE3987003417D6 /* CustomTextFieldTableViewCell.swift */,
				A297430827FED25E009E5E7D /* CustomItemCollectionViewCell.swift */,
			);
			path = Cells;
			sourceTree = "<group>";
		};
		A2A3F51D27FE2CC9003417D6 /* View */ = {
			isa = PBXGroup;
			children = (
				A27EBC3627F0D87800532EDE /* ProfileSettingsViewController.swift */,
				A2A3F51E27FE2CDB003417D6 /* ProfileSettingsView.swift */,
			);
			path = View;
			sourceTree = "<group>";
		};
		A2A3F52027FE2CF3003417D6 /* Presenter */ = {
			isa = PBXGroup;
			children = (
				A2A3F52127FE2CFA003417D6 /* Protocols */,
				A2A3F52627FE2D7D003417D6 /* ProfileSettingsPresenter.swift */,
			);
			path = Presenter;
			sourceTree = "<group>";
		};
		A2A3F52127FE2CFA003417D6 /* Protocols */ = {
			isa = PBXGroup;
			children = (
				A2A3F52227FE2D23003417D6 /* ProfileSettingsPresenterInputProtocol.swift */,
				A2A3F52427FE2D60003417D6 /* ProfileSettingsPresenterOutputProtocol.swift */,
			);
			path = Protocols;
			sourceTree = "<group>";
		};
		A2A3F52A27FE2DBA003417D6 /* ModuleBuilder */ = {
			isa = PBXGroup;
			children = (
				A2A3F52827FE2DAD003417D6 /* ProfileSettingsModuleBuilder.swift */,
			);
			path = ModuleBuilder;
			sourceTree = "<group>";
		};
		A2A3F52B27FE2E5D003417D6 /* Model */ = {
			isa = PBXGroup;
			children = (
			);
			path = Model;
			sourceTree = "<group>";
		};
		A2A3F52C27FE330B003417D6 /* CheckBoxControllers */ = {
			isa = PBXGroup;
			children = (
				A2A3F51427FE0D0E003417D6 /* CheckBoxController.swift */,
			);
			path = CheckBoxControllers;
			sourceTree = "<group>";
		};
		A2A3F52D27FE3314003417D6 /* RadioButtonControllers */ = {
			isa = PBXGroup;
			children = (
				A2A3F52E27FE3356003417D6 /* RadioButtonController.swift */,
			);
			path = RadioButtonControllers;
			sourceTree = "<group>";
		};
		A2B6815827FF54FB00518A90 /* ProfileSettingsUnitTests */ = {
			isa = PBXGroup;
			children = (
				A2B6815B27FF555D00518A90 /* ProfileSettingsUnitTests.swift */,
			);
			path = ProfileSettingsUnitTests;
			sourceTree = "<group>";
		};
		A2B6815927FF551D00518A90 /* ProfileIntegrationTests */ = {
			isa = PBXGroup;
			children = (
				A2B6816927FF602D00518A90 /* ProfileIntegrationTests.swift */,
			);
			path = ProfileIntegrationTests;
			sourceTree = "<group>";
		};
		A2B6815A27FF552E00518A90 /* ProfileFlow */ = {
			isa = PBXGroup;
			children = (
				A2B6815927FF551D00518A90 /* ProfileIntegrationTests */,
				A2B6815827FF54FB00518A90 /* ProfileSettingsUnitTests */,
			);
			path = ProfileFlow;
			sourceTree = "<group>";
		};
		A2B6815E27FF577E00518A90 /* Helpers */ = {
			isa = PBXGroup;
			children = (
				A2B6816627FF5DCC00518A90 /* Protocols */,
				A2B6815F27FF57D100518A90 /* ValidationService.swift */,
			);
			path = Helpers;
			sourceTree = "<group>";
		};
		A2B6816327FF586B00518A90 /* Mocks */ = {
			isa = PBXGroup;
			children = (
				A2B6816427FF58AE00518A90 /* ProfileSettingsPresenterInputMock.swift */,
			);
			path = Mocks;
			sourceTree = "<group>";
		};
		A2B6816627FF5DCC00518A90 /* Protocols */ = {
			isa = PBXGroup;
			children = (
				A2B6816727FF5DDA00518A90 /* ValidationServiceProtocol.swift */,
			);
			path = Protocols;
			sourceTree = "<group>";
		};
		A2CF986B27DA28FF001A6C39 /* Main */ = {
			isa = PBXGroup;
			children = (
				A29742FF27FECB69009E5E7D /* Model */,
				A2CF986D27DA290B001A6C39 /* View */,
				A2CF986C27DA2906001A6C39 /* Presenter */,
				A2CF988527DA2CBE001A6C39 /* ModuleBuilder */,
			);
			path = Main;
			sourceTree = "<group>";
		};
		A2CF986C27DA2906001A6C39 /* Presenter */ = {
			isa = PBXGroup;
			children = (
				A2CF987227DA296D001A6C39 /* Protocols */,
				A2CF987027DA292F001A6C39 /* ProfileMainPresenter.swift */,
			);
			path = Presenter;
			sourceTree = "<group>";
		};
		A2CF986D27DA290B001A6C39 /* View */ = {
			isa = PBXGroup;
			children = (
				A2CF987927DA29CC001A6C39 /* ProfileMainViewController.swift */,
				A2CF987727DA29C0001A6C39 /* ProfileMainView.swift */,
				A297430627FED162009E5E7D /* CustomHeaderCollectionReusableView.swift */,
			);
			path = View;
			sourceTree = "<group>";
		};
		A2CF987227DA296D001A6C39 /* Protocols */ = {
			isa = PBXGroup;
			children = (
				A2CF987327DA297B001A6C39 /* ProfileMainScreenViewInputProtocol.swift */,
				A2CF987527DA299F001A6C39 /* ProfileMainScreenViewOutputProtocol.swift */,
			);
			path = Protocols;
			sourceTree = "<group>";
		};
		A2CF988527DA2CBE001A6C39 /* ModuleBuilder */ = {
			isa = PBXGroup;
			children = (
				A2CF988627DA2CDF001A6C39 /* ProfileMainModuleBuilder.swift */,
			);
			path = ModuleBuilder;
			sourceTree = "<group>";
		};
		A2CF988A27DA2FEE001A6C39 /* Profile */ = {
			isa = PBXGroup;
			children = (
				A27EBC3527F0D85900532EDE /* Subscriptions */,
				A27EBC3427F0D83200532EDE /* Settings */,
				A2CF986B27DA28FF001A6C39 /* Main */,
			);
			path = Profile;
			sourceTree = "<group>";
		};
		A2F0ED8727FDA88E0049EBAC /* Repositories */ = {
			isa = PBXGroup;
			children = (
				A2F0ED8A27FDB63F0049EBAC /* Hot */,
				A2F0ED8927FDB6390049EBAC /* Product */,
				A2F0ED8827FDA8FC0049EBAC /* Category */,
			);
			path = Repositories;
			sourceTree = "<group>";
		};
		A2F0ED8827FDA8FC0049EBAC /* Category */ = {
			isa = PBXGroup;
			children = (
				A2F0EDA627FDEF530049EBAC /* CategoryRepositoryProtocol.swift */,
				A2F0EDA827FDEF740049EBAC /* CategoryDataRepository.swift */,
			);
			path = Category;
			sourceTree = "<group>";
		};
		A2F0ED8927FDB6390049EBAC /* Product */ = {
			isa = PBXGroup;
			children = (
				A2F0ED8B27FDB8730049EBAC /* ProductRepositoryProtocol.swift */,
				A2F0ED8D27FDB8C50049EBAC /* ProductDataRepository.swift */,
			);
			path = Product;
			sourceTree = "<group>";
		};
		A2F0ED8A27FDB63F0049EBAC /* Hot */ = {
			isa = PBXGroup;
			children = (
				A2F0ED9827FDEDE10049EBAC /* HotRepositoryProtocol.swift */,
				A2F0ED9527FDEDAD0049EBAC /* HotDataRepository.swift */,
			);
			path = Hot;
			sourceTree = "<group>";
		};
		A2F0ED9B27FDEE210049EBAC /* Product */ = {
			isa = PBXGroup;
			children = (
				A23E572A27F78ABB0069F74E /* Protocols */,
				A23E572827F78AB60069F74E /* ProductLocalDataSource.swift */,
				A2F0ED9327FDB9D20049EBAC /* ProductRemoteDataSource.swift */,
			);
			path = Product;
			sourceTree = "<group>";
		};
		A2F0ED9C27FDEE2D0049EBAC /* Hot */ = {
			isa = PBXGroup;
			children = (
				A2F0ED9F27FDEE5D0049EBAC /* Protocols */,
				A2F0EDA227FDEE8C0049EBAC /* HotRemoteDataSource.swift */,
				A2F0EDA427FDEEA30049EBAC /* HotLocalDataSource.swift */,
			);
			path = Hot;
			sourceTree = "<group>";
		};
		A2F0ED9F27FDEE5D0049EBAC /* Protocols */ = {
			isa = PBXGroup;
			children = (
				A2F0ED9D27FDEE490049EBAC /* HotLocalDataSourceProtocol.swift */,
				A2F0EDA027FDEE6F0049EBAC /* HotRemoteDataSourceProtocol.swift */,
			);
			path = Protocols;
			sourceTree = "<group>";
		};
		A2F0EDAA27FDEF910049EBAC /* Category */ = {
			isa = PBXGroup;
			children = (
				A2F0EDAB27FDEF990049EBAC /* Protocols */,
				A2F0EDB027FDEFDE0049EBAC /* CategoryRemoteDataSource.swift */,
				A2F0EDB227FDF0030049EBAC /* CategoryLocalDataSource.swift */,
			);
			path = Category;
			sourceTree = "<group>";
		};
		A2F0EDAB27FDEF990049EBAC /* Protocols */ = {
			isa = PBXGroup;
			children = (
				A2F0EDAC27FDEFB10049EBAC /* CategoryLocalDataSourceProtocol.swift */,
				A2F0EDAE27FDEFC70049EBAC /* CategoryRemoteDataSourceProtocol.swift */,
			);
			path = Protocols;
			sourceTree = "<group>";
		};
		A2F0EDB427FE06910049EBAC /* ModuleBuilder */ = {
			isa = PBXGroup;
			children = (
				A2A3F51B27FE287A003417D6 /* ProfileSubscriptionsModuleBuilder.swift */,
			);
			path = ModuleBuilder;
			sourceTree = "<group>";
		};
		A2F0EDB527FE06AB0049EBAC /* Presenter */ = {
			isa = PBXGroup;
			children = (
				A2F0EDBA27FE07440049EBAC /* Protocols */,
				A2F0EDBF27FE07A70049EBAC /* ProfileSubscriptionsPresenter.swift */,
			);
			path = Presenter;
			sourceTree = "<group>";
		};
		A2F0EDB627FE06B00049EBAC /* Model */ = {
			isa = PBXGroup;
			children = (
			);
			path = Model;
			sourceTree = "<group>";
		};
		A2F0EDB727FE06B60049EBAC /* View */ = {
			isa = PBXGroup;
			children = (
				A27EBC3827F0D88D00532EDE /* ProfileSubscriptionsViewController.swift */,
				A2F0EDB827FE07220049EBAC /* ProfileSubscriptionsView.swift */,
			);
			path = View;
			sourceTree = "<group>";
		};
		A2F0EDBA27FE07440049EBAC /* Protocols */ = {
			isa = PBXGroup;
			children = (
				A2F0EDBB27FE07700049EBAC /* ProfileSubscriptionsPresenterInputProtocol.swift */,
				A2F0EDBD27FE07890049EBAC /* ProfileSubscriptionsPresenterOutputProtocol.swift */,
			);
			path = Protocols;
			sourceTree = "<group>";
		};
		A2F24F3E27EEEE56000B02D6 /* Coordinator */ = {
			isa = PBXGroup;
			children = (
				A2F24F4E27EEF8B7000B02D6 /* Main */,
				A2F24F4327EEF677000B02D6 /* Child Coordinators */,
				A2F24F3F27EEEEAB000B02D6 /* FlowCoordinatorProtocol.swift */,
				A2EFD5C827F0B370001E4071 /* Enums.swift */,
			);
			path = Coordinator;
			sourceTree = "<group>";
		};
		A2F24F4327EEF677000B02D6 /* Child Coordinators */ = {
			isa = PBXGroup;
			children = (
				A2F24F5427EEFBE9000B02D6 /* Search */,
				A2F24F5327EEFBDB000B02D6 /* Feed */,
				A2F24F4927EEF829000B02D6 /* Authentication */,
				A2F24F4827EEF81A000B02D6 /* Profile */,
			);
			path = "Child Coordinators";
			sourceTree = "<group>";
		};
		A2F24F4827EEF81A000B02D6 /* Profile */ = {
			isa = PBXGroup;
			children = (
				A2EFD5CA27F0BD0C001E4071 /* ProfileBaseCoordinatedProtocol.swift */,
				A2F24F4627EEF7E5000B02D6 /* ProfileBaseCoordinatorProtocol.swift */,
				A2F24F4427EEF6A8000B02D6 /* ProfileCoordinator.swift */,
			);
			path = Profile;
			sourceTree = "<group>";
		};
		A2F24F4927EEF829000B02D6 /* Authentication */ = {
			isa = PBXGroup;
			children = (
				A2EFD5CC27F0D3E6001E4071 /* AuthenticationBaseCoordinatedProtocol.swift */,
				A2F24F4A27EEF84C000B02D6 /* AuthenticationBaseCoordinatorProtocol.swift */,
				A2F24F4C27EEF871000B02D6 /* AuthenticationCoordinator.swift */,
			);
			path = Authentication;
			sourceTree = "<group>";
		};
		A2F24F4E27EEF8B7000B02D6 /* Main */ = {
			isa = PBXGroup;
			children = (
				A2F24F4127EEEF5B000B02D6 /* MainBaseCoordinatorProtocol.swift */,
				A2F24F4F27EEF8CF000B02D6 /* MainCoordinator.swift */,
			);
			path = Main;
			sourceTree = "<group>";
		};
		A2F24F5327EEFBDB000B02D6 /* Feed */ = {
			isa = PBXGroup;
			children = (
				A2EFD5CE27F0D40C001E4071 /* FeedBaseCoordinatedProtocol.swift */,
				A2F24F5927EEFC8E000B02D6 /* FeedBaseCoordinatorProtocol.swift */,
				A2F24F5B27EEFCB4000B02D6 /* FeedCoordinator.swift */,
			);
			path = Feed;
			sourceTree = "<group>";
		};
		A2F24F5427EEFBE9000B02D6 /* Search */ = {
			isa = PBXGroup;
			children = (
				A2EFD5D027F0D451001E4071 /* SearchBaseCoordinatedProtocol.swift */,
				A2F24F5527EEFBFA000B02D6 /* SearchBaseCoordinatorProtocol.swift */,
				A2F24F5727EEFC50000B02D6 /* SearchCoordinator.swift */,
			);
			path = Search;
			sourceTree = "<group>";
		};
/* End PBXGroup section */

/* Begin PBXNativeTarget section */
		A2113AFA27CE745F00EBA9A9 /* BigDeal */ = {
			isa = PBXNativeTarget;
			buildConfigurationList = A2113B2827CE746000EBA9A9 /* Build configuration list for PBXNativeTarget "BigDeal" */;
			buildPhases = (
				5E85CCB180C0EDCBEE4B10E8 /* [CP] Check Pods Manifest.lock */,
				A281A14727CE791500E0D429 /* Swiftlint */,
				A2113AF727CE745F00EBA9A9 /* Sources */,
				A2113AF827CE745F00EBA9A9 /* Frameworks */,
				A2113AF927CE745F00EBA9A9 /* Resources */,
				E09206323DABD3B9DC781526 /* [CP] Embed Pods Frameworks */,
			);
			buildRules = (
			);
			dependencies = (
			);
			name = BigDeal;
			productName = BigDeal;
			productReference = A2113AFB27CE745F00EBA9A9 /* BigDeal.app */;
			productType = "com.apple.product-type.application";
		};
		A2113B1327CE746000EBA9A9 /* BigDealTests */ = {
			isa = PBXNativeTarget;
			buildConfigurationList = A2113B2B27CE746000EBA9A9 /* Build configuration list for PBXNativeTarget "BigDealTests" */;
			buildPhases = (
				5B2E5AA0402207F879D576AD /* [CP] Check Pods Manifest.lock */,
				A2113B1027CE746000EBA9A9 /* Sources */,
				A2113B1127CE746000EBA9A9 /* Frameworks */,
				A2113B1227CE746000EBA9A9 /* Resources */,
			);
			buildRules = (
			);
			dependencies = (
				A2113B1627CE746000EBA9A9 /* PBXTargetDependency */,
			);
			name = BigDealTests;
			productName = BigDealTests;
			productReference = A2113B1427CE746000EBA9A9 /* BigDealTests.xctest */;
			productType = "com.apple.product-type.bundle.unit-test";
		};
		A2113B1D27CE746000EBA9A9 /* BigDealUITests */ = {
			isa = PBXNativeTarget;
			buildConfigurationList = A2113B2E27CE746000EBA9A9 /* Build configuration list for PBXNativeTarget "BigDealUITests" */;
			buildPhases = (
				53F765951FD799B9AA48A2B9 /* [CP] Check Pods Manifest.lock */,
				A2113B1A27CE746000EBA9A9 /* Sources */,
				A2113B1B27CE746000EBA9A9 /* Frameworks */,
				A2113B1C27CE746000EBA9A9 /* Resources */,
				A01D8AF04CC5E768D9016839 /* [CP] Embed Pods Frameworks */,
			);
			buildRules = (
			);
			dependencies = (
				A2113B2027CE746000EBA9A9 /* PBXTargetDependency */,
			);
			name = BigDealUITests;
			productName = BigDealUITests;
			productReference = A2113B1E27CE746000EBA9A9 /* BigDealUITests.xctest */;
			productType = "com.apple.product-type.bundle.ui-testing";
		};
/* End PBXNativeTarget section */

/* Begin PBXProject section */
		A2113AF327CE745F00EBA9A9 /* Project object */ = {
			isa = PBXProject;
			attributes = {
				BuildIndependentTargetsInParallel = 1;
				LastSwiftUpdateCheck = 1310;
				LastUpgradeCheck = 1310;
				TargetAttributes = {
					A2113AFA27CE745F00EBA9A9 = {
						CreatedOnToolsVersion = 13.1;
					};
					A2113B1327CE746000EBA9A9 = {
						CreatedOnToolsVersion = 13.1;
						TestTargetID = A2113AFA27CE745F00EBA9A9;
					};
					A2113B1D27CE746000EBA9A9 = {
						CreatedOnToolsVersion = 13.1;
						TestTargetID = A2113AFA27CE745F00EBA9A9;
					};
				};
			};
			buildConfigurationList = A2113AF627CE745F00EBA9A9 /* Build configuration list for PBXProject "BigDeal" */;
			compatibilityVersion = "Xcode 13.0";
			developmentRegion = en;
			hasScannedForEncodings = 0;
			knownRegions = (
				en,
				Base,
			);
			mainGroup = A2113AF227CE745F00EBA9A9;
			productRefGroup = A2113AFC27CE745F00EBA9A9 /* Products */;
			projectDirPath = "";
			projectRoot = "";
			targets = (
				A2113AFA27CE745F00EBA9A9 /* BigDeal */,
				A2113B1327CE746000EBA9A9 /* BigDealTests */,
				A2113B1D27CE746000EBA9A9 /* BigDealUITests */,
			);
		};
/* End PBXProject section */

/* Begin PBXResourcesBuildPhase section */
		A2113AF927CE745F00EBA9A9 /* Resources */ = {
			isa = PBXResourcesBuildPhase;
			buildActionMask = 2147483647;
			files = (
				A2113B0E27CE746000EBA9A9 /* LaunchScreen.storyboard in Resources */,
				A2113B0B27CE746000EBA9A9 /* Assets.xcassets in Resources */,
				A2113B0627CE745F00EBA9A9 /* Main.storyboard in Resources */,
			);
			runOnlyForDeploymentPostprocessing = 0;
		};
		A2113B1227CE746000EBA9A9 /* Resources */ = {
			isa = PBXResourcesBuildPhase;
			buildActionMask = 2147483647;
			files = (
			);
			runOnlyForDeploymentPostprocessing = 0;
		};
		A2113B1C27CE746000EBA9A9 /* Resources */ = {
			isa = PBXResourcesBuildPhase;
			buildActionMask = 2147483647;
			files = (
			);
			runOnlyForDeploymentPostprocessing = 0;
		};
/* End PBXResourcesBuildPhase section */

/* Begin PBXShellScriptBuildPhase section */
		53F765951FD799B9AA48A2B9 /* [CP] Check Pods Manifest.lock */ = {
			isa = PBXShellScriptBuildPhase;
			buildActionMask = 2147483647;
			files = (
			);
			inputFileListPaths = (
			);
			inputPaths = (
				"${PODS_PODFILE_DIR_PATH}/Podfile.lock",
				"${PODS_ROOT}/Manifest.lock",
			);
			name = "[CP] Check Pods Manifest.lock";
			outputFileListPaths = (
			);
			outputPaths = (
				"$(DERIVED_FILE_DIR)/Pods-BigDeal-BigDealUITests-checkManifestLockResult.txt",
			);
			runOnlyForDeploymentPostprocessing = 0;
			shellPath = /bin/sh;
			shellScript = "diff \"${PODS_PODFILE_DIR_PATH}/Podfile.lock\" \"${PODS_ROOT}/Manifest.lock\" > /dev/null\nif [ $? != 0 ] ; then\n    # print error to STDERR\n    echo \"error: The sandbox is not in sync with the Podfile.lock. Run 'pod install' or update your CocoaPods installation.\" >&2\n    exit 1\nfi\n# This output is used by Xcode 'outputs' to avoid re-running this script phase.\necho \"SUCCESS\" > \"${SCRIPT_OUTPUT_FILE_0}\"\n";
			showEnvVarsInLog = 0;
		};
		5B2E5AA0402207F879D576AD /* [CP] Check Pods Manifest.lock */ = {
			isa = PBXShellScriptBuildPhase;
			buildActionMask = 2147483647;
			files = (
			);
			inputFileListPaths = (
			);
			inputPaths = (
				"${PODS_PODFILE_DIR_PATH}/Podfile.lock",
				"${PODS_ROOT}/Manifest.lock",
			);
			name = "[CP] Check Pods Manifest.lock";
			outputFileListPaths = (
			);
			outputPaths = (
				"$(DERIVED_FILE_DIR)/Pods-BigDealTests-checkManifestLockResult.txt",
			);
			runOnlyForDeploymentPostprocessing = 0;
			shellPath = /bin/sh;
			shellScript = "diff \"${PODS_PODFILE_DIR_PATH}/Podfile.lock\" \"${PODS_ROOT}/Manifest.lock\" > /dev/null\nif [ $? != 0 ] ; then\n    # print error to STDERR\n    echo \"error: The sandbox is not in sync with the Podfile.lock. Run 'pod install' or update your CocoaPods installation.\" >&2\n    exit 1\nfi\n# This output is used by Xcode 'outputs' to avoid re-running this script phase.\necho \"SUCCESS\" > \"${SCRIPT_OUTPUT_FILE_0}\"\n";
			showEnvVarsInLog = 0;
		};
		5E85CCB180C0EDCBEE4B10E8 /* [CP] Check Pods Manifest.lock */ = {
			isa = PBXShellScriptBuildPhase;
			buildActionMask = 2147483647;
			files = (
			);
			inputFileListPaths = (
			);
			inputPaths = (
				"${PODS_PODFILE_DIR_PATH}/Podfile.lock",
				"${PODS_ROOT}/Manifest.lock",
			);
			name = "[CP] Check Pods Manifest.lock";
			outputFileListPaths = (
			);
			outputPaths = (
				"$(DERIVED_FILE_DIR)/Pods-BigDeal-checkManifestLockResult.txt",
			);
			runOnlyForDeploymentPostprocessing = 0;
			shellPath = /bin/sh;
			shellScript = "diff \"${PODS_PODFILE_DIR_PATH}/Podfile.lock\" \"${PODS_ROOT}/Manifest.lock\" > /dev/null\nif [ $? != 0 ] ; then\n    # print error to STDERR\n    echo \"error: The sandbox is not in sync with the Podfile.lock. Run 'pod install' or update your CocoaPods installation.\" >&2\n    exit 1\nfi\n# This output is used by Xcode 'outputs' to avoid re-running this script phase.\necho \"SUCCESS\" > \"${SCRIPT_OUTPUT_FILE_0}\"\n";
			showEnvVarsInLog = 0;
		};
		A01D8AF04CC5E768D9016839 /* [CP] Embed Pods Frameworks */ = {
			isa = PBXShellScriptBuildPhase;
			buildActionMask = 2147483647;
			files = (
			);
			inputFileListPaths = (
				"${PODS_ROOT}/Target Support Files/Pods-BigDeal-BigDealUITests/Pods-BigDeal-BigDealUITests-frameworks-${CONFIGURATION}-input-files.xcfilelist",
			);
			name = "[CP] Embed Pods Frameworks";
			outputFileListPaths = (
				"${PODS_ROOT}/Target Support Files/Pods-BigDeal-BigDealUITests/Pods-BigDeal-BigDealUITests-frameworks-${CONFIGURATION}-output-files.xcfilelist",
			);
			runOnlyForDeploymentPostprocessing = 0;
			shellPath = /bin/sh;
			shellScript = "\"${PODS_ROOT}/Target Support Files/Pods-BigDeal-BigDealUITests/Pods-BigDeal-BigDealUITests-frameworks.sh\"\n";
			showEnvVarsInLog = 0;
		};
		A281A14727CE791500E0D429 /* Swiftlint */ = {
			isa = PBXShellScriptBuildPhase;
			buildActionMask = 2147483647;
			files = (
			);
			inputFileListPaths = (
			);
			inputPaths = (
			);
			name = Swiftlint;
			outputFileListPaths = (
			);
			outputPaths = (
			);
			runOnlyForDeploymentPostprocessing = 0;
			shellPath = /bin/sh;
			shellScript = "\"${PODS_ROOT}/SwiftLint/swiftlint\"\n";
		};
		E09206323DABD3B9DC781526 /* [CP] Embed Pods Frameworks */ = {
			isa = PBXShellScriptBuildPhase;
			buildActionMask = 2147483647;
			files = (
			);
			inputFileListPaths = (
				"${PODS_ROOT}/Target Support Files/Pods-BigDeal/Pods-BigDeal-frameworks-${CONFIGURATION}-input-files.xcfilelist",
			);
			name = "[CP] Embed Pods Frameworks";
			outputFileListPaths = (
				"${PODS_ROOT}/Target Support Files/Pods-BigDeal/Pods-BigDeal-frameworks-${CONFIGURATION}-output-files.xcfilelist",
			);
			runOnlyForDeploymentPostprocessing = 0;
			shellPath = /bin/sh;
			shellScript = "\"${PODS_ROOT}/Target Support Files/Pods-BigDeal/Pods-BigDeal-frameworks.sh\"\n";
			showEnvVarsInLog = 0;
		};
/* End PBXShellScriptBuildPhase section */

/* Begin PBXSourcesBuildPhase section */
		A2113AF727CE745F00EBA9A9 /* Sources */ = {
			isa = PBXSourcesBuildPhase;
			buildActionMask = 2147483647;
			files = (
				A2F0ED9427FDB9D20049EBAC /* ProductRemoteDataSource.swift in Sources */,
				A2F0ED9E27FDEE490049EBAC /* HotLocalDataSourceProtocol.swift in Sources */,
				A297430527FECF6A009E5E7D /* Item.swift in Sources */,
				A2A3F52F27FE3356003417D6 /* RadioButtonController.swift in Sources */,
				A2CF987827DA29C0001A6C39 /* ProfileMainView.swift in Sources */,
				A2A3F52927FE2DAD003417D6 /* ProfileSettingsModuleBuilder.swift in Sources */,
				A297430927FED25E009E5E7D /* CustomItemCollectionViewCell.swift in Sources */,
				A2A3F52727FE2D7D003417D6 /* ProfileSettingsPresenter.swift in Sources */,
				A27EBC4C27F0D9C600532EDE /* SearchFilterScreenViewController.swift in Sources */,
				A26256BF27FF2750007FA967 /* AuthenticationRegisterViewController.swift in Sources */,
				A2113B0927CE745F00EBA9A9 /* BigDeal.xcdatamodeld in Sources */,
				A2EFD5C927F0B370001E4071 /* Enums.swift in Sources */,
				A23E572927F78AB60069F74E /* ProductLocalDataSource.swift in Sources */,
				A26256BA27FF2750007FA967 /* AuthenticationGreetingView.swift in Sources */,
				A2F24F5827EEFC50000B02D6 /* SearchCoordinator.swift in Sources */,
				A2F0EDBC27FE07700049EBAC /* ProfileSubscriptionsPresenterInputProtocol.swift in Sources */,
				A27EBC4827F0D98500532EDE /* DetailItemViewController.swift in Sources */,
				A2EFD5D127F0D451001E4071 /* SearchBaseCoordinatedProtocol.swift in Sources */,
				A26256B927FF2750007FA967 /* AuthenticationGreetingViewPresenter.swift in Sources */,
				A2F0ED9227FDB95A0049EBAC /* ProductLocalDataSourceProtocol.swift in Sources */,
				A26256C027FF2750007FA967 /* AuthenticationRegisterBuilder.swift in Sources */,
				A2F24F4D27EEF871000B02D6 /* AuthenticationCoordinator.swift in Sources */,
				A2F0ED9927FDEDE10049EBAC /* HotRepositoryProtocol.swift in Sources */,
				A2F0EDA727FDEF530049EBAC /* CategoryRepositoryProtocol.swift in Sources */,
				A2CF987427DA297B001A6C39 /* ProfileMainScreenViewInputProtocol.swift in Sources */,
				A200231027F6FF86002D04AE /* FeedMainModuleBuilder.swift in Sources */,
				A2F0ED8C27FDB8730049EBAC /* ProductRepositoryProtocol.swift in Sources */,
				A26256C427FF2750007FA967 /* AuthenticationLoginView.swift in Sources */,
				A2A3F51F27FE2CDC003417D6 /* ProfileSettingsView.swift in Sources */,
				A27EBC4E27F0D9E900532EDE /* FeedMainViewController.swift in Sources */,
				A2A3F52327FE2D23003417D6 /* ProfileSettingsPresenterInputProtocol.swift in Sources */,
				A200230A27F6FD2C002D04AE /* FeedMainPresenterOutputProtocol.swift in Sources */,
				A2F24F5A27EEFC8E000B02D6 /* FeedBaseCoordinatorProtocol.swift in Sources */,
				A2F0EDBE27FE07890049EBAC /* ProfileSubscriptionsPresenterOutputProtocol.swift in Sources */,
				A27EBC3927F0D88D00532EDE /* ProfileSubscriptionsViewController.swift in Sources */,
				A2F0EDA127FDEE6F0049EBAC /* HotRemoteDataSourceProtocol.swift in Sources */,
				A2F24F4227EEEF5B000B02D6 /* MainBaseCoordinatorProtocol.swift in Sources */,
				A26256C127FF2750007FA967 /* BuilderPrototcol.swift in Sources */,
				A2F0EDB127FDEFDE0049EBAC /* CategoryRemoteDataSource.swift in Sources */,
				A2A3F53527FE3975003417D6 /* CustomRadioButtonTableViewCell.swift in Sources */,
				A26256BD27FF2750007FA967 /* AuthenticationRegisterViewPresenter.swift in Sources */,
				A2F0ED9627FDEDAD0049EBAC /* HotDataRepository.swift in Sources */,
				A2113AFF27CE745F00EBA9A9 /* AppDelegate.swift in Sources */,
				A2CF987627DA299F001A6C39 /* ProfileMainScreenViewOutputProtocol.swift in Sources */,
				A2F0EDA327FDEE8C0049EBAC /* HotRemoteDataSource.swift in Sources */,
				A26256C327FF2750007FA967 /* AuthenticationLoginScreenViewController.swift in Sources */,
				A2F0EDAD27FDEFB10049EBAC /* CategoryLocalDataSourceProtocol.swift in Sources */,
				A26256BB27FF2750007FA967 /* AuthenticationGreetingViewController.swift in Sources */,
				A2A3F51527FE0D0E003417D6 /* CheckBoxController.swift in Sources */,
				A2A3F52527FE2D60003417D6 /* ProfileSettingsPresenterOutputProtocol.swift in Sources */,
				A2CF987A27DA29CC001A6C39 /* ProfileMainViewController.swift in Sources */,
				A23E572C27F78ACF0069F74E /* ProductRemoteDataSourceProtocol.swift in Sources */,
				A2F24F4527EEF6A8000B02D6 /* ProfileCoordinator.swift in Sources */,
				A2F0EDAF27FDEFC70049EBAC /* CategoryRemoteDataSourceProtocol.swift in Sources */,
				A297430727FED162009E5E7D /* CustomHeaderCollectionReusableView.swift in Sources */,
				A200230827F6FCE7002D04AE /* FeedMainPresenterInputProtocol.swift in Sources */,
				A2A3F53727FE3987003417D6 /* CustomTextFieldTableViewCell.swift in Sources */,
				A2A3F51C27FE287A003417D6 /* ProfileSubscriptionsModuleBuilder.swift in Sources */,
				A297430227FECEB8009E5E7D /* DataManager.swift in Sources */,
				A2F0EDB927FE07220049EBAC /* ProfileSubscriptionsView.swift in Sources */,
				A2CF988727DA2CDF001A6C39 /* ProfileMainModuleBuilder.swift in Sources */,
				A2A3F51727FE126D003417D6 /* CustomCheckBoxTableViewCell.swift in Sources */,
				A2F24F4027EEEEAB000B02D6 /* FlowCoordinatorProtocol.swift in Sources */,
				A2F0EDA527FDEEA30049EBAC /* HotLocalDataSource.swift in Sources */,
				A2F0ED8E27FDB8C50049EBAC /* ProductDataRepository.swift in Sources */,
				A2B6816027FF57D100518A90 /* ValidationService.swift in Sources */,
				A2F24F5627EEFBFA000B02D6 /* SearchBaseCoordinatorProtocol.swift in Sources */,
				A26256C527FF2750007FA967 /* AuthenticationLoginBuilder.swift in Sources */,
				A20022FF27F6FBFA002D04AE /* FeedMainView.swift in Sources */,
				A2F24F5C27EEFCB4000B02D6 /* FeedCoordinator.swift in Sources */,
				A2B6816827FF5DDA00518A90 /* ValidationServiceProtocol.swift in Sources */,
				A2F24F5027EEF8CF000B02D6 /* MainCoordinator.swift in Sources */,
				A26256C227FF2750007FA967 /* AuthenticationLoginViewPresenter.swift in Sources */,
				A26256BE27FF2750007FA967 /* AuthenticationRegisterView.swift in Sources */,
				A200230527F6FCB2002D04AE /* FeedMainPresenter.swift in Sources */,
				A2F0EDB327FDF0030049EBAC /* CategoryLocalDataSource.swift in Sources */,
				A27EBC4A27F0D9AA00532EDE /* SearchMainScreenViewController.swift in Sources */,
				A2CF987127DA292F001A6C39 /* ProfileMainPresenter.swift in Sources */,
				A26256BC27FF2750007FA967 /* AuthenticationGreetingBuilder.swift in Sources */,
				A2B6816527FF58AE00518A90 /* ProfileSettingsPresenterInputMock.swift in Sources */,
				A2EFD5CB27F0BD0C001E4071 /* ProfileBaseCoordinatedProtocol.swift in Sources */,
				A2F0EDC027FE07A70049EBAC /* ProfileSubscriptionsPresenter.swift in Sources */,
				A2F24F4727EEF7E5000B02D6 /* ProfileBaseCoordinatorProtocol.swift in Sources */,
				A2EFD5CF27F0D40C001E4071 /* FeedBaseCoordinatedProtocol.swift in Sources */,
				A2F24F4B27EEF84C000B02D6 /* AuthenticationBaseCoordinatorProtocol.swift in Sources */,
				A2EFD5CD27F0D3E6001E4071 /* AuthenticationBaseCoordinatedProtocol.swift in Sources */,
				A2113B0127CE745F00EBA9A9 /* SceneDelegate.swift in Sources */,
				A27EBC3727F0D87800532EDE /* ProfileSettingsViewController.swift in Sources */,
				A2F0EDA927FDEF740049EBAC /* CategoryDataRepository.swift in Sources */,
			);
			runOnlyForDeploymentPostprocessing = 0;
		};
		A2113B1027CE746000EBA9A9 /* Sources */ = {
			isa = PBXSourcesBuildPhase;
			buildActionMask = 2147483647;
			files = (
				A26256CC27FF282D007FA967 /* MockCoordinator.swift in Sources */,
				A2B6815C27FF555D00518A90 /* ProfileSettingsUnitTests.swift in Sources */,
				A26256CE27FF282D007FA967 /* AuthRegisterPresenterTest.swift in Sources */,
				A26256CD27FF282D007FA967 /* MockAuthRegisterView.swift in Sources */,
				A2B6816A27FF602D00518A90 /* ProfileIntegrationTests.swift in Sources */,
				A2113B1927CE746000EBA9A9 /* BigDealTests.swift in Sources */,
			);
			runOnlyForDeploymentPostprocessing = 0;
		};
		A2113B1A27CE746000EBA9A9 /* Sources */ = {
			isa = PBXSourcesBuildPhase;
			buildActionMask = 2147483647;
			files = (
				A2113B2327CE746000EBA9A9 /* BigDealUITests.swift in Sources */,
				A2113B2527CE746000EBA9A9 /* BigDealUITestsLaunchTests.swift in Sources */,
			);
			runOnlyForDeploymentPostprocessing = 0;
		};
/* End PBXSourcesBuildPhase section */

/* Begin PBXTargetDependency section */
		A2113B1627CE746000EBA9A9 /* PBXTargetDependency */ = {
			isa = PBXTargetDependency;
			target = A2113AFA27CE745F00EBA9A9 /* BigDeal */;
			targetProxy = A2113B1527CE746000EBA9A9 /* PBXContainerItemProxy */;
		};
		A2113B2027CE746000EBA9A9 /* PBXTargetDependency */ = {
			isa = PBXTargetDependency;
			target = A2113AFA27CE745F00EBA9A9 /* BigDeal */;
			targetProxy = A2113B1F27CE746000EBA9A9 /* PBXContainerItemProxy */;
		};
/* End PBXTargetDependency section */

/* Begin PBXVariantGroup section */
		A2113B0427CE745F00EBA9A9 /* Main.storyboard */ = {
			isa = PBXVariantGroup;
			children = (
				A2113B0527CE745F00EBA9A9 /* Base */,
			);
			name = Main.storyboard;
			sourceTree = "<group>";
		};
		A2113B0C27CE746000EBA9A9 /* LaunchScreen.storyboard */ = {
			isa = PBXVariantGroup;
			children = (
				A2113B0D27CE746000EBA9A9 /* Base */,
			);
			name = LaunchScreen.storyboard;
			sourceTree = "<group>";
		};
/* End PBXVariantGroup section */

/* Begin XCBuildConfiguration section */
		A2113B2627CE746000EBA9A9 /* Debug */ = {
			isa = XCBuildConfiguration;
			buildSettings = {
				ALWAYS_SEARCH_USER_PATHS = NO;
				CLANG_ANALYZER_NONNULL = YES;
				CLANG_ANALYZER_NUMBER_OBJECT_CONVERSION = YES_AGGRESSIVE;
				CLANG_CXX_LANGUAGE_STANDARD = "gnu++17";
				CLANG_CXX_LIBRARY = "libc++";
				CLANG_ENABLE_MODULES = YES;
				CLANG_ENABLE_OBJC_ARC = YES;
				CLANG_ENABLE_OBJC_WEAK = YES;
				CLANG_WARN_BLOCK_CAPTURE_AUTORELEASING = YES;
				CLANG_WARN_BOOL_CONVERSION = YES;
				CLANG_WARN_COMMA = YES;
				CLANG_WARN_CONSTANT_CONVERSION = YES;
				CLANG_WARN_DEPRECATED_OBJC_IMPLEMENTATIONS = YES;
				CLANG_WARN_DIRECT_OBJC_ISA_USAGE = YES_ERROR;
				CLANG_WARN_DOCUMENTATION_COMMENTS = YES;
				CLANG_WARN_EMPTY_BODY = YES;
				CLANG_WARN_ENUM_CONVERSION = YES;
				CLANG_WARN_INFINITE_RECURSION = YES;
				CLANG_WARN_INT_CONVERSION = YES;
				CLANG_WARN_NON_LITERAL_NULL_CONVERSION = YES;
				CLANG_WARN_OBJC_IMPLICIT_RETAIN_SELF = YES;
				CLANG_WARN_OBJC_LITERAL_CONVERSION = YES;
				CLANG_WARN_OBJC_ROOT_CLASS = YES_ERROR;
				CLANG_WARN_QUOTED_INCLUDE_IN_FRAMEWORK_HEADER = YES;
				CLANG_WARN_RANGE_LOOP_ANALYSIS = YES;
				CLANG_WARN_STRICT_PROTOTYPES = YES;
				CLANG_WARN_SUSPICIOUS_MOVE = YES;
				CLANG_WARN_UNGUARDED_AVAILABILITY = YES_AGGRESSIVE;
				CLANG_WARN_UNREACHABLE_CODE = YES;
				CLANG_WARN__DUPLICATE_METHOD_MATCH = YES;
				COPY_PHASE_STRIP = NO;
				DEBUG_INFORMATION_FORMAT = dwarf;
				ENABLE_STRICT_OBJC_MSGSEND = YES;
				ENABLE_TESTABILITY = YES;
				GCC_C_LANGUAGE_STANDARD = gnu11;
				GCC_DYNAMIC_NO_PIC = NO;
				GCC_NO_COMMON_BLOCKS = YES;
				GCC_OPTIMIZATION_LEVEL = 0;
				GCC_PREPROCESSOR_DEFINITIONS = (
					"DEBUG=1",
					"$(inherited)",
				);
				GCC_WARN_64_TO_32_BIT_CONVERSION = YES;
				GCC_WARN_ABOUT_RETURN_TYPE = YES_ERROR;
				GCC_WARN_UNDECLARED_SELECTOR = YES;
				GCC_WARN_UNINITIALIZED_AUTOS = YES_AGGRESSIVE;
				GCC_WARN_UNUSED_FUNCTION = YES;
				GCC_WARN_UNUSED_VARIABLE = YES;
				IPHONEOS_DEPLOYMENT_TARGET = 13.0;
				MTL_ENABLE_DEBUG_INFO = INCLUDE_SOURCE;
				MTL_FAST_MATH = YES;
				ONLY_ACTIVE_ARCH = YES;
				SDKROOT = iphoneos;
				SWIFT_ACTIVE_COMPILATION_CONDITIONS = DEBUG;
				SWIFT_OPTIMIZATION_LEVEL = "-Onone";
			};
			name = Debug;
		};
		A2113B2727CE746000EBA9A9 /* Release */ = {
			isa = XCBuildConfiguration;
			buildSettings = {
				ALWAYS_SEARCH_USER_PATHS = NO;
				CLANG_ANALYZER_NONNULL = YES;
				CLANG_ANALYZER_NUMBER_OBJECT_CONVERSION = YES_AGGRESSIVE;
				CLANG_CXX_LANGUAGE_STANDARD = "gnu++17";
				CLANG_CXX_LIBRARY = "libc++";
				CLANG_ENABLE_MODULES = YES;
				CLANG_ENABLE_OBJC_ARC = YES;
				CLANG_ENABLE_OBJC_WEAK = YES;
				CLANG_WARN_BLOCK_CAPTURE_AUTORELEASING = YES;
				CLANG_WARN_BOOL_CONVERSION = YES;
				CLANG_WARN_COMMA = YES;
				CLANG_WARN_CONSTANT_CONVERSION = YES;
				CLANG_WARN_DEPRECATED_OBJC_IMPLEMENTATIONS = YES;
				CLANG_WARN_DIRECT_OBJC_ISA_USAGE = YES_ERROR;
				CLANG_WARN_DOCUMENTATION_COMMENTS = YES;
				CLANG_WARN_EMPTY_BODY = YES;
				CLANG_WARN_ENUM_CONVERSION = YES;
				CLANG_WARN_INFINITE_RECURSION = YES;
				CLANG_WARN_INT_CONVERSION = YES;
				CLANG_WARN_NON_LITERAL_NULL_CONVERSION = YES;
				CLANG_WARN_OBJC_IMPLICIT_RETAIN_SELF = YES;
				CLANG_WARN_OBJC_LITERAL_CONVERSION = YES;
				CLANG_WARN_OBJC_ROOT_CLASS = YES_ERROR;
				CLANG_WARN_QUOTED_INCLUDE_IN_FRAMEWORK_HEADER = YES;
				CLANG_WARN_RANGE_LOOP_ANALYSIS = YES;
				CLANG_WARN_STRICT_PROTOTYPES = YES;
				CLANG_WARN_SUSPICIOUS_MOVE = YES;
				CLANG_WARN_UNGUARDED_AVAILABILITY = YES_AGGRESSIVE;
				CLANG_WARN_UNREACHABLE_CODE = YES;
				CLANG_WARN__DUPLICATE_METHOD_MATCH = YES;
				COPY_PHASE_STRIP = NO;
				DEBUG_INFORMATION_FORMAT = "dwarf-with-dsym";
				ENABLE_NS_ASSERTIONS = NO;
				ENABLE_STRICT_OBJC_MSGSEND = YES;
				GCC_C_LANGUAGE_STANDARD = gnu11;
				GCC_NO_COMMON_BLOCKS = YES;
				GCC_WARN_64_TO_32_BIT_CONVERSION = YES;
				GCC_WARN_ABOUT_RETURN_TYPE = YES_ERROR;
				GCC_WARN_UNDECLARED_SELECTOR = YES;
				GCC_WARN_UNINITIALIZED_AUTOS = YES_AGGRESSIVE;
				GCC_WARN_UNUSED_FUNCTION = YES;
				GCC_WARN_UNUSED_VARIABLE = YES;
				IPHONEOS_DEPLOYMENT_TARGET = 13.0;
				MTL_ENABLE_DEBUG_INFO = NO;
				MTL_FAST_MATH = YES;
				SDKROOT = iphoneos;
				SWIFT_COMPILATION_MODE = wholemodule;
				SWIFT_OPTIMIZATION_LEVEL = "-O";
				VALIDATE_PRODUCT = YES;
			};
			name = Release;
		};
		A2113B2927CE746000EBA9A9 /* Debug */ = {
			isa = XCBuildConfiguration;
			baseConfigurationReference = 19E5140F29BB96EC208DAC16 /* Pods-BigDeal.debug.xcconfig */;
			buildSettings = {
				ASSETCATALOG_COMPILER_APPICON_NAME = AppIcon;
				ASSETCATALOG_COMPILER_GLOBAL_ACCENT_COLOR_NAME = AccentColor;
				CODE_SIGN_STYLE = Automatic;
				CURRENT_PROJECT_VERSION = 1;
				GENERATE_INFOPLIST_FILE = YES;
				INFOPLIST_FILE = BigDeal/Resources/Info.plist;
				INFOPLIST_KEY_UIApplicationSupportsIndirectInputEvents = YES;
				INFOPLIST_KEY_UILaunchStoryboardName = LaunchScreen;
				INFOPLIST_KEY_UISupportedInterfaceOrientations_iPad = "UIInterfaceOrientationPortrait UIInterfaceOrientationPortraitUpsideDown UIInterfaceOrientationLandscapeLeft UIInterfaceOrientationLandscapeRight";
				INFOPLIST_KEY_UISupportedInterfaceOrientations_iPhone = "UIInterfaceOrientationPortrait UIInterfaceOrientationLandscapeLeft UIInterfaceOrientationLandscapeRight";
				LD_RUNPATH_SEARCH_PATHS = (
					"$(inherited)",
					"@executable_path/Frameworks",
				);
				MARKETING_VERSION = 1.0;
				PRODUCT_BUNDLE_IDENTIFIER = com.alexandroni.BigDeal;
				PRODUCT_NAME = "$(TARGET_NAME)";
				SWIFT_EMIT_LOC_STRINGS = YES;
				SWIFT_VERSION = 5.0;
				TARGETED_DEVICE_FAMILY = "1,2";
			};
			name = Debug;
		};
		A2113B2A27CE746000EBA9A9 /* Release */ = {
			isa = XCBuildConfiguration;
			baseConfigurationReference = 9CDD3FC92F7808EDF6774B8E /* Pods-BigDeal.release.xcconfig */;
			buildSettings = {
				ASSETCATALOG_COMPILER_APPICON_NAME = AppIcon;
				ASSETCATALOG_COMPILER_GLOBAL_ACCENT_COLOR_NAME = AccentColor;
				CODE_SIGN_STYLE = Automatic;
				CURRENT_PROJECT_VERSION = 1;
				GENERATE_INFOPLIST_FILE = YES;
				INFOPLIST_FILE = BigDeal/Resources/Info.plist;
				INFOPLIST_KEY_UIApplicationSupportsIndirectInputEvents = YES;
				INFOPLIST_KEY_UILaunchStoryboardName = LaunchScreen;
				INFOPLIST_KEY_UISupportedInterfaceOrientations_iPad = "UIInterfaceOrientationPortrait UIInterfaceOrientationPortraitUpsideDown UIInterfaceOrientationLandscapeLeft UIInterfaceOrientationLandscapeRight";
				INFOPLIST_KEY_UISupportedInterfaceOrientations_iPhone = "UIInterfaceOrientationPortrait UIInterfaceOrientationLandscapeLeft UIInterfaceOrientationLandscapeRight";
				LD_RUNPATH_SEARCH_PATHS = (
					"$(inherited)",
					"@executable_path/Frameworks",
				);
				MARKETING_VERSION = 1.0;
				PRODUCT_BUNDLE_IDENTIFIER = com.alexandroni.BigDeal;
				PRODUCT_NAME = "$(TARGET_NAME)";
				SWIFT_EMIT_LOC_STRINGS = YES;
				SWIFT_VERSION = 5.0;
				TARGETED_DEVICE_FAMILY = "1,2";
			};
			name = Release;
		};
		A2113B2C27CE746000EBA9A9 /* Debug */ = {
			isa = XCBuildConfiguration;
			baseConfigurationReference = FC04F0D932F76B1339C4C2FA /* Pods-BigDealTests.debug.xcconfig */;
			buildSettings = {
				ALWAYS_EMBED_SWIFT_STANDARD_LIBRARIES = YES;
				BUNDLE_LOADER = "$(TEST_HOST)";
				CODE_SIGN_STYLE = Automatic;
				CURRENT_PROJECT_VERSION = 1;
				GENERATE_INFOPLIST_FILE = YES;
				IPHONEOS_DEPLOYMENT_TARGET = 15.0;
				LD_RUNPATH_SEARCH_PATHS = (
					"$(inherited)",
					"@executable_path/Frameworks",
					"@loader_path/Frameworks",
				);
				MARKETING_VERSION = 1.0;
				PRODUCT_BUNDLE_IDENTIFIER = com.alexandroni.BigDealTests;
				PRODUCT_NAME = "$(TARGET_NAME)";
				SWIFT_EMIT_LOC_STRINGS = NO;
				SWIFT_VERSION = 5.0;
				TARGETED_DEVICE_FAMILY = "1,2";
				TEST_HOST = "$(BUILT_PRODUCTS_DIR)/BigDeal.app/BigDeal";
			};
			name = Debug;
		};
		A2113B2D27CE746000EBA9A9 /* Release */ = {
			isa = XCBuildConfiguration;
			baseConfigurationReference = 111FD7BAA7A3C5ADD87047AA /* Pods-BigDealTests.release.xcconfig */;
			buildSettings = {
				ALWAYS_EMBED_SWIFT_STANDARD_LIBRARIES = YES;
				BUNDLE_LOADER = "$(TEST_HOST)";
				CODE_SIGN_STYLE = Automatic;
				CURRENT_PROJECT_VERSION = 1;
				GENERATE_INFOPLIST_FILE = YES;
				IPHONEOS_DEPLOYMENT_TARGET = 15.0;
				LD_RUNPATH_SEARCH_PATHS = (
					"$(inherited)",
					"@executable_path/Frameworks",
					"@loader_path/Frameworks",
				);
				MARKETING_VERSION = 1.0;
				PRODUCT_BUNDLE_IDENTIFIER = com.alexandroni.BigDealTests;
				PRODUCT_NAME = "$(TARGET_NAME)";
				SWIFT_EMIT_LOC_STRINGS = NO;
				SWIFT_VERSION = 5.0;
				TARGETED_DEVICE_FAMILY = "1,2";
				TEST_HOST = "$(BUILT_PRODUCTS_DIR)/BigDeal.app/BigDeal";
			};
			name = Release;
		};
		A2113B2F27CE746000EBA9A9 /* Debug */ = {
			isa = XCBuildConfiguration;
			baseConfigurationReference = 38322206F16C45493990C9BB /* Pods-BigDeal-BigDealUITests.debug.xcconfig */;
			buildSettings = {
				ALWAYS_EMBED_SWIFT_STANDARD_LIBRARIES = YES;
				CODE_SIGN_STYLE = Automatic;
				CURRENT_PROJECT_VERSION = 1;
				GENERATE_INFOPLIST_FILE = YES;
				LD_RUNPATH_SEARCH_PATHS = (
					"$(inherited)",
					"@executable_path/Frameworks",
					"@loader_path/Frameworks",
				);
				MARKETING_VERSION = 1.0;
				PRODUCT_BUNDLE_IDENTIFIER = com.alexandroni.BigDealUITests;
				PRODUCT_NAME = "$(TARGET_NAME)";
				SWIFT_EMIT_LOC_STRINGS = NO;
				SWIFT_VERSION = 5.0;
				TARGETED_DEVICE_FAMILY = "1,2";
				TEST_TARGET_NAME = BigDeal;
			};
			name = Debug;
		};
		A2113B3027CE746000EBA9A9 /* Release */ = {
			isa = XCBuildConfiguration;
			baseConfigurationReference = B191609E344FAD85EDA12B7E /* Pods-BigDeal-BigDealUITests.release.xcconfig */;
			buildSettings = {
				ALWAYS_EMBED_SWIFT_STANDARD_LIBRARIES = YES;
				CODE_SIGN_STYLE = Automatic;
				CURRENT_PROJECT_VERSION = 1;
				GENERATE_INFOPLIST_FILE = YES;
				LD_RUNPATH_SEARCH_PATHS = (
					"$(inherited)",
					"@executable_path/Frameworks",
					"@loader_path/Frameworks",
				);
				MARKETING_VERSION = 1.0;
				PRODUCT_BUNDLE_IDENTIFIER = com.alexandroni.BigDealUITests;
				PRODUCT_NAME = "$(TARGET_NAME)";
				SWIFT_EMIT_LOC_STRINGS = NO;
				SWIFT_VERSION = 5.0;
				TARGETED_DEVICE_FAMILY = "1,2";
				TEST_TARGET_NAME = BigDeal;
			};
			name = Release;
		};
/* End XCBuildConfiguration section */

/* Begin XCConfigurationList section */
		A2113AF627CE745F00EBA9A9 /* Build configuration list for PBXProject "BigDeal" */ = {
			isa = XCConfigurationList;
			buildConfigurations = (
				A2113B2627CE746000EBA9A9 /* Debug */,
				A2113B2727CE746000EBA9A9 /* Release */,
			);
			defaultConfigurationIsVisible = 0;
			defaultConfigurationName = Release;
		};
		A2113B2827CE746000EBA9A9 /* Build configuration list for PBXNativeTarget "BigDeal" */ = {
			isa = XCConfigurationList;
			buildConfigurations = (
				A2113B2927CE746000EBA9A9 /* Debug */,
				A2113B2A27CE746000EBA9A9 /* Release */,
			);
			defaultConfigurationIsVisible = 0;
			defaultConfigurationName = Release;
		};
		A2113B2B27CE746000EBA9A9 /* Build configuration list for PBXNativeTarget "BigDealTests" */ = {
			isa = XCConfigurationList;
			buildConfigurations = (
				A2113B2C27CE746000EBA9A9 /* Debug */,
				A2113B2D27CE746000EBA9A9 /* Release */,
			);
			defaultConfigurationIsVisible = 0;
			defaultConfigurationName = Release;
		};
		A2113B2E27CE746000EBA9A9 /* Build configuration list for PBXNativeTarget "BigDealUITests" */ = {
			isa = XCConfigurationList;
			buildConfigurations = (
				A2113B2F27CE746000EBA9A9 /* Debug */,
				A2113B3027CE746000EBA9A9 /* Release */,
			);
			defaultConfigurationIsVisible = 0;
			defaultConfigurationName = Release;
		};
/* End XCConfigurationList section */

/* Begin XCVersionGroup section */
		A2113B0727CE745F00EBA9A9 /* BigDeal.xcdatamodeld */ = {
			isa = XCVersionGroup;
			children = (
				A2113B0827CE745F00EBA9A9 /* BigDeal.xcdatamodel */,
			);
			currentVersion = A2113B0827CE745F00EBA9A9 /* BigDeal.xcdatamodel */;
			path = BigDeal.xcdatamodeld;
			sourceTree = "<group>";
			versionGroupType = wrapper.xcdatamodel;
		};
/* End XCVersionGroup section */
	};
	rootObject = A2113AF327CE745F00EBA9A9 /* Project object */;
}
